// !$*UTF8*$!
{
	archiveVersion = 1;
	classes = {
	};
	objectVersion = 46;
	objects = {

/* Begin PBXBuildFile section */
		1807C6C0205E6F3B0086E45A /* SHTimer+CoreDataProperties.m in Sources */ = {isa = PBXBuildFile; fileRef = 1807C6BF205E6F3B0086E45A /* SHTimer+CoreDataProperties.m */; };
		1813662F1E8A9C3A0075CA93 /* GalleryViewController.m in Sources */ = {isa = PBXBuildFile; fileRef = 1813662E1E8A9C3A0075CA93 /* GalleryViewController.m */; };
		181885CC1E9019D500F5609D /* ESP_ByteUtil.m in Sources */ = {isa = PBXBuildFile; fileRef = 181885AB1E9019D500F5609D /* ESP_ByteUtil.m */; };
		181885CD1E9019D500F5609D /* ESP_CRC8.m in Sources */ = {isa = PBXBuildFile; fileRef = 181885AD1E9019D500F5609D /* ESP_CRC8.m */; };
		181885CE1E9019D500F5609D /* ESP_NetUtil.m in Sources */ = {isa = PBXBuildFile; fileRef = 181885AF1E9019D500F5609D /* ESP_NetUtil.m */; };
		181885CF1E9019D500F5609D /* ESP_WifiUtil.m in Sources */ = {isa = PBXBuildFile; fileRef = 181885B11E9019D500F5609D /* ESP_WifiUtil.m */; };
		181885D01E9019D500F5609D /* ESPAppDelegate.m in Sources */ = {isa = PBXBuildFile; fileRef = 181885B31E9019D500F5609D /* ESPAppDelegate.m */; };
		181885D11E9019D500F5609D /* ESPDataCode.m in Sources */ = {isa = PBXBuildFile; fileRef = 181885B51E9019D500F5609D /* ESPDataCode.m */; };
		181885D21E9019D500F5609D /* ESPDatumCode.m in Sources */ = {isa = PBXBuildFile; fileRef = 181885B71E9019D500F5609D /* ESPDatumCode.m */; };
		181885D31E9019D500F5609D /* ESPGuideCode.m in Sources */ = {isa = PBXBuildFile; fileRef = 181885B91E9019D500F5609D /* ESPGuideCode.m */; };
		181885D41E9019D500F5609D /* EspTouchDemo-Info.plist in Resources */ = {isa = PBXBuildFile; fileRef = 181885BB1E9019D500F5609D /* EspTouchDemo-Info.plist */; };
		181885D51E9019D500F5609D /* ESPTouchGenerator.m in Sources */ = {isa = PBXBuildFile; fileRef = 181885BE1E9019D500F5609D /* ESPTouchGenerator.m */; };
		181885D61E9019D500F5609D /* ESPTouchResult.m in Sources */ = {isa = PBXBuildFile; fileRef = 181885C01E9019D500F5609D /* ESPTouchResult.m */; };
		181885D71E9019D500F5609D /* ESPTouchTask.m in Sources */ = {isa = PBXBuildFile; fileRef = 181885C21E9019D500F5609D /* ESPTouchTask.m */; };
		181885D81E9019D500F5609D /* ESPTouchTaskParameter.m in Sources */ = {isa = PBXBuildFile; fileRef = 181885C41E9019D500F5609D /* ESPTouchTaskParameter.m */; };
		181885D91E9019D500F5609D /* ESPUDPSocketClient.m in Sources */ = {isa = PBXBuildFile; fileRef = 181885C61E9019D500F5609D /* ESPUDPSocketClient.m */; };
		181885DA1E9019D500F5609D /* ESPUDPSocketServer.m in Sources */ = {isa = PBXBuildFile; fileRef = 181885C81E9019D500F5609D /* ESPUDPSocketServer.m */; };
		181885DB1E9019D500F5609D /* ESPViewController.m in Sources */ = {isa = PBXBuildFile; fileRef = 181885CB1E9019D500F5609D /* ESPViewController.m */; };
		183054AC2003966A0015A7EE /* ShareDevice.m in Sources */ = {isa = PBXBuildFile; fileRef = 183054AB2003966A0015A7EE /* ShareDevice.m */; };
		183F555A2003278600B072A9 /* MemberListViewController.m in Sources */ = {isa = PBXBuildFile; fileRef = 183F55582003278600B072A9 /* MemberListViewController.m */; };
		183F555B2003278600B072A9 /* MemberListViewController.xib in Resources */ = {isa = PBXBuildFile; fileRef = 183F55592003278600B072A9 /* MemberListViewController.xib */; };
		183F55622003285D00B072A9 /* MemberViewCell.m in Sources */ = {isa = PBXBuildFile; fileRef = 183F55602003285D00B072A9 /* MemberViewCell.m */; };
		183F55632003285D00B072A9 /* MemberViewCell.xib in Resources */ = {isa = PBXBuildFile; fileRef = 183F55612003285D00B072A9 /* MemberViewCell.xib */; };
		183F556720032D1800B072A9 /* SHMember.m in Sources */ = {isa = PBXBuildFile; fileRef = 183F556620032D1800B072A9 /* SHMember.m */; };
		183F556B2003308000B072A9 /* MemberDetailViewController.m in Sources */ = {isa = PBXBuildFile; fileRef = 183F55692003308000B072A9 /* MemberDetailViewController.m */; };
		183F556C2003308000B072A9 /* MemberDetailViewController.xib in Resources */ = {isa = PBXBuildFile; fileRef = 183F556A2003308000B072A9 /* MemberDetailViewController.xib */; };
		183F5570200330D000B072A9 /* MemberDetailViewCell.m in Sources */ = {isa = PBXBuildFile; fileRef = 183F556E200330D000B072A9 /* MemberDetailViewCell.m */; };
		183F5571200330D000B072A9 /* MemberDetailViewCell.xib in Resources */ = {isa = PBXBuildFile; fileRef = 183F556F200330D000B072A9 /* MemberDetailViewCell.xib */; };
		1840009B1E841441000A7ECB /* Helper.m in Sources */ = {isa = PBXBuildFile; fileRef = 1840009A1E841441000A7ECB /* Helper.m */; };
		1840009E1E841873000A7ECB /* AddMenuViewController.m in Sources */ = {isa = PBXBuildFile; fileRef = 1840009D1E841873000A7ECB /* AddMenuViewController.m */; };
		184000A11E841B6E000A7ECB /* AddMenuViewCell.m in Sources */ = {isa = PBXBuildFile; fileRef = 184000A01E841B6E000A7ECB /* AddMenuViewCell.m */; };
		185D75E620099C0D003FDD4C /* RequestPopupViewController.m in Sources */ = {isa = PBXBuildFile; fileRef = 185D75E420099C0D003FDD4C /* RequestPopupViewController.m */; };
		185E786A1E95E8EC0048B450 /* Scene.m in Sources */ = {isa = PBXBuildFile; fileRef = 185E78691E95E8EC0048B450 /* Scene.m */; };
		185E786D1E95E9150048B450 /* AbtractObject.m in Sources */ = {isa = PBXBuildFile; fileRef = 185E786C1E95E9150048B450 /* AbtractObject.m */; };
		185E78701E95FB680048B450 /* SceneDetailViewController.m in Sources */ = {isa = PBXBuildFile; fileRef = 185E786F1E95FB680048B450 /* SceneDetailViewController.m */; };
		185E78731E96A8C50048B450 /* SceneDetail.m in Sources */ = {isa = PBXBuildFile; fileRef = 185E78721E96A8C50048B450 /* SceneDetail.m */; };
		186DADFC1EAB503A00D00206 /* UIImage+Color.m in Sources */ = {isa = PBXBuildFile; fileRef = 186DADFB1EAB503A00D00206 /* UIImage+Color.m */; };
		188CF321205FA47C0099B630 /* SystemConfiguration.framework in Frameworks */ = {isa = PBXBuildFile; fileRef = 188CF320205FA47C0099B630 /* SystemConfiguration.framework */; };
		188E61D9204E365C008DD7DD /* TouchSwitchViewCell.m in Sources */ = {isa = PBXBuildFile; fileRef = 188E61D6204E365C008DD7DD /* TouchSwitchViewCell.m */; };
		188E61DA204E365C008DD7DD /* TouchSwitchViewCell.xib in Resources */ = {isa = PBXBuildFile; fileRef = 188E61D8204E365C008DD7DD /* TouchSwitchViewCell.xib */; };
		188E61DE204E78EE008DD7DD /* ChannelViewCell.m in Sources */ = {isa = PBXBuildFile; fileRef = 188E61DC204E78EE008DD7DD /* ChannelViewCell.m */; };
		188E61DF204E78EE008DD7DD /* ChannelViewCell.xib in Resources */ = {isa = PBXBuildFile; fileRef = 188E61DD204E78EE008DD7DD /* ChannelViewCell.xib */; };
		18902FB8206A83D0003D182F /* SmartConfigViewController.m in Sources */ = {isa = PBXBuildFile; fileRef = 18902FB6206A83D0003D182F /* SmartConfigViewController.m */; };
		18902FB9206A83D0003D182F /* SmartConfigViewController.xib in Resources */ = {isa = PBXBuildFile; fileRef = 18902FB7206A83D0003D182F /* SmartConfigViewController.xib */; };
		18AD101E2004D2CF000DC410 /* ShareViewController.m in Sources */ = {isa = PBXBuildFile; fileRef = 18AD101C2004D2CF000DC410 /* ShareViewController.m */; };
		18AD101F2004D2CF000DC410 /* ShareViewController.xib in Resources */ = {isa = PBXBuildFile; fileRef = 18AD101D2004D2CF000DC410 /* ShareViewController.xib */; };
		18AD102620052D1B000DC410 /* FirebaseTestViewController.m in Sources */ = {isa = PBXBuildFile; fileRef = 18AD102420052D1B000DC410 /* FirebaseTestViewController.m */; };
		18AD102720052D1B000DC410 /* FirebaseTestViewController.xib in Resources */ = {isa = PBXBuildFile; fileRef = 18AD102520052D1B000DC410 /* FirebaseTestViewController.xib */; };
		18B010D01E758E78001834FB /* FavViewCell.m in Sources */ = {isa = PBXBuildFile; fileRef = 18B010CF1E758E78001834FB /* FavViewCell.m */; };
		18B010D31E759AA2001834FB /* BaseViewController.m in Sources */ = {isa = PBXBuildFile; fileRef = 18B010D21E759AA2001834FB /* BaseViewController.m */; };
		18B6514D1E7695BF007D4176 /* BaseServicez.m in Sources */ = {isa = PBXBuildFile; fileRef = 18B6514C1E7695BF007D4176 /* BaseServicez.m */; };
		18B6DD381F6046BA00225B32 /* Assets.xcassets in Resources */ = {isa = PBXBuildFile; fileRef = 18B6DD371F6046BA00225B32 /* Assets.xcassets */; };
		18B6DD3B1F60569300225B32 /* NewSlider.m in Sources */ = {isa = PBXBuildFile; fileRef = 18B6DD3A1F60569300225B32 /* NewSlider.m */; };
		18C8DFCA1E895D1A00DC5330 /* CoredataHelper.m in Sources */ = {isa = PBXBuildFile; fileRef = 18C8DFC91E895D1A00DC5330 /* CoredataHelper.m */; };
		18C8DFD61E896CBC00DC5330 /* SmartHome.json in Resources */ = {isa = PBXBuildFile; fileRef = 18C8DFD51E896CBC00DC5330 /* SmartHome.json */; };
		18CB699B200299BD00966A0F /* User.m in Sources */ = {isa = PBXBuildFile; fileRef = 18CB699A200299BD00966A0F /* User.m */; };
		18CBD2BB1E87A2E2002635D8 /* EditDeviceMenuViewController.m in Sources */ = {isa = PBXBuildFile; fileRef = 18CBD2BA1E87A2E2002635D8 /* EditDeviceMenuViewController.m */; };
		18CBD2BE1E87B223002635D8 /* ListDeviceViewController.m in Sources */ = {isa = PBXBuildFile; fileRef = 18CBD2BD1E87B223002635D8 /* ListDeviceViewController.m */; };
		18CBD2C11E87B33D002635D8 /* LightViewCell.xib in Resources */ = {isa = PBXBuildFile; fileRef = 18CBD2C01E87B33D002635D8 /* LightViewCell.xib */; };
		18CBD2C31E87B36C002635D8 /* LightOnOffViewCell.xib in Resources */ = {isa = PBXBuildFile; fileRef = 18CBD2C21E87B36C002635D8 /* LightOnOffViewCell.xib */; };
		18CBD2C51E87B383002635D8 /* RemViewCell.xib in Resources */ = {isa = PBXBuildFile; fileRef = 18CBD2C41E87B383002635D8 /* RemViewCell.xib */; };
		18CC8B951E7E4207007FD291 /* PageContentViewController.m in Sources */ = {isa = PBXBuildFile; fileRef = 18CC8B941E7E4207007FD291 /* PageContentViewController.m */; };
		18CC8B981E7E42C5007FD291 /* APPChildViewController.m in Sources */ = {isa = PBXBuildFile; fileRef = 18CC8B971E7E42C5007FD291 /* APPChildViewController.m */; };
		18CC8B9B1E7E4986007FD291 /* TypeRoomViewCell.m in Sources */ = {isa = PBXBuildFile; fileRef = 18CC8B9A1E7E4986007FD291 /* TypeRoomViewCell.m */; };
		18CC8B9D1E7E499F007FD291 /* TypeRoomViewCell.xib in Resources */ = {isa = PBXBuildFile; fileRef = 18CC8B9C1E7E499F007FD291 /* TypeRoomViewCell.xib */; };
		18D2FDE61F768BBE00B98CE1 /* OpenGLES.framework in Frameworks */ = {isa = PBXBuildFile; fileRef = 18D2FDE51F768BBE00B98CE1 /* OpenGLES.framework */; };
		18D2FDE81F768BC400B98CE1 /* CoreGraphics.framework in Frameworks */ = {isa = PBXBuildFile; fileRef = 18D2FDE71F768BC400B98CE1 /* CoreGraphics.framework */; };
		18D2FDEA1F768BC900B98CE1 /* QuartzCore.framework in Frameworks */ = {isa = PBXBuildFile; fileRef = 18D2FDE91F768BC900B98CE1 /* QuartzCore.framework */; };
		18DBF42B1E8EA64D00311D72 /* LightStateViewCell.m in Sources */ = {isa = PBXBuildFile; fileRef = 18DBF42A1E8EA64D00311D72 /* LightStateViewCell.m */; };
		18DBF42E1E8EA65C00311D72 /* LightValueViewCell.m in Sources */ = {isa = PBXBuildFile; fileRef = 18DBF42D1E8EA65C00311D72 /* LightValueViewCell.m */; };
		18DBF4311E8EC10E00311D72 /* BaseViewCell.m in Sources */ = {isa = PBXBuildFile; fileRef = 18DBF4301E8EC10E00311D72 /* BaseViewCell.m */; };
		18E3186A2009FBE3002015BA /* WellComeViewController.m in Sources */ = {isa = PBXBuildFile; fileRef = 18E318682009FBE3002015BA /* WellComeViewController.m */; };
		18E3186F2009FDBE002015BA /* LoginViewController.m in Sources */ = {isa = PBXBuildFile; fileRef = 18E3186D2009FDBE002015BA /* LoginViewController.m */; };
		18E318702009FDBE002015BA /* LoginViewController.xib in Resources */ = {isa = PBXBuildFile; fileRef = 18E3186E2009FDBE002015BA /* LoginViewController.xib */; };
		18E4E6F01E8D4409001CCED3 /* ScenceViewController.m in Sources */ = {isa = PBXBuildFile; fileRef = 18E4E6EF1E8D4408001CCED3 /* ScenceViewController.m */; };
		18E4E6F31E8D447C001CCED3 /* Device.m in Sources */ = {isa = PBXBuildFile; fileRef = 18E4E6F21E8D447C001CCED3 /* Device.m */; };
		18E4E6F61E8D4D94001CCED3 /* RemViewCell.m in Sources */ = {isa = PBXBuildFile; fileRef = 18E4E6F51E8D4D94001CCED3 /* RemViewCell.m */; };
		18E4E6F91E8D5036001CCED3 /* BaseTabbarViewController.m in Sources */ = {isa = PBXBuildFile; fileRef = 18E4E6F81E8D5036001CCED3 /* BaseTabbarViewController.m */; };
		18EC416F20615C6F00388B1A /* ListControlViewController.m in Sources */ = {isa = PBXBuildFile; fileRef = 18EC416D20615C6F00388B1A /* ListControlViewController.m */; };
		18EC417020615C6F00388B1A /* ListControlViewController.xib in Resources */ = {isa = PBXBuildFile; fileRef = 18EC416E20615C6F00388B1A /* ListControlViewController.xib */; };
		18EC41742061632C00388B1A /* ControlViewCell.m in Sources */ = {isa = PBXBuildFile; fileRef = 18EC41722061632C00388B1A /* ControlViewCell.m */; };
		18EC41752061632C00388B1A /* ControlViewCell.xib in Resources */ = {isa = PBXBuildFile; fileRef = 18EC41732061632C00388B1A /* ControlViewCell.xib */; };
		18EC41782061656300388B1A /* Controller.m in Sources */ = {isa = PBXBuildFile; fileRef = 18EC41772061656300388B1A /* Controller.m */; };
		18EFAD671E756F8900637669 /* main.m in Sources */ = {isa = PBXBuildFile; fileRef = 18EFAD661E756F8900637669 /* main.m */; };
		18EFAD6A1E756F8900637669 /* AppDelegate.m in Sources */ = {isa = PBXBuildFile; fileRef = 18EFAD691E756F8900637669 /* AppDelegate.m */; };
		18EFAD6D1E756F8900637669 /* ViewController.m in Sources */ = {isa = PBXBuildFile; fileRef = 18EFAD6C1E756F8900637669 /* ViewController.m */; };
		18EFAD701E756F8900637669 /* Main.storyboard in Resources */ = {isa = PBXBuildFile; fileRef = 18EFAD6E1E756F8900637669 /* Main.storyboard */; };
		18EFAD731E756F8900637669 /* SmartHome.xcdatamodeld in Sources */ = {isa = PBXBuildFile; fileRef = 18EFAD711E756F8900637669 /* SmartHome.xcdatamodeld */; };
		18EFAD781E756F8900637669 /* LaunchScreen.storyboard in Resources */ = {isa = PBXBuildFile; fileRef = 18EFAD761E756F8900637669 /* LaunchScreen.storyboard */; };
		18EFAD831E75791C00637669 /* FavoriteViewController.m in Sources */ = {isa = PBXBuildFile; fileRef = 18EFAD821E75791C00637669 /* FavoriteViewController.m */; };
		18F133612001DBF9008A5E55 /* FirebaseHelper.m in Sources */ = {isa = PBXBuildFile; fileRef = 18F133602001DBF9008A5E55 /* FirebaseHelper.m */; };
		18F1336C2001E73E008A5E55 /* AccountViewController.m in Sources */ = {isa = PBXBuildFile; fileRef = 18F1336A2001E73E008A5E55 /* AccountViewController.m */; };
		18F1336D2001E73E008A5E55 /* AccountViewController.xib in Resources */ = {isa = PBXBuildFile; fileRef = 18F1336B2001E73E008A5E55 /* AccountViewController.xib */; };
		18F467FC1E8017E1001CF694 /* RoomViewController.m in Sources */ = {isa = PBXBuildFile; fileRef = 18F467FB1E8017E1001CF694 /* RoomViewController.m */; };
		5D26BDEEB7B8EFB19EC6619B /* libPods-SmartHome.a in Frameworks */ = {isa = PBXBuildFile; fileRef = DA6FD98E423E87777FA74F6A /* libPods-SmartHome.a */; };
		5F09E9671F2360EA00B3AD47 /* SortRoomViewController.m in Sources */ = {isa = PBXBuildFile; fileRef = 5F09E9661F2360EA00B3AD47 /* SortRoomViewController.m */; };
		5F09E9691F23625B00B3AD47 /* SortRoomViewCell.xib in Resources */ = {isa = PBXBuildFile; fileRef = 5F09E9681F23625B00B3AD47 /* SortRoomViewCell.xib */; };
		5F09E96C1F23631F00B3AD47 /* SortRoomViewCell.m in Sources */ = {isa = PBXBuildFile; fileRef = 5F09E96B1F23631F00B3AD47 /* SortRoomViewCell.m */; };
		5F28939E1F19D74600F74A77 /* MQTTService.m in Sources */ = {isa = PBXBuildFile; fileRef = 5F28939D1F19D74600F74A77 /* MQTTService.m */; };
		5F2893A21F19E04600F74A77 /* SCSkypeActivityIndicatorView.m in Sources */ = {isa = PBXBuildFile; fileRef = 5F2893A11F19E04600F74A77 /* SCSkypeActivityIndicatorView.m */; };
		5F2D4B171F239E09007B7D13 /* HTKSampleCollectionViewController.m in Sources */ = {isa = PBXBuildFile; fileRef = 5F2D4B141F239E09007B7D13 /* HTKSampleCollectionViewController.m */; };
		5F2D4B181F239E09007B7D13 /* HTKSampleCollectionViewCell.m in Sources */ = {isa = PBXBuildFile; fileRef = 5F2D4B161F239E09007B7D13 /* HTKSampleCollectionViewCell.m */; };
		5F3187941F2B8E6D00090F4A /* SHTimer+CoreDataClass.m in Sources */ = {isa = PBXBuildFile; fileRef = 5F3187911F2B8E6D00090F4A /* SHTimer+CoreDataClass.m */; };
		5F34679E1F1CFFCE00223553 /* Room+CoreDataClass.m in Sources */ = {isa = PBXBuildFile; fileRef = 5F34679B1F1CFFCE00223553 /* Room+CoreDataClass.m */; };
		5F34679F1F1CFFCE00223553 /* Room+CoreDataProperties.m in Sources */ = {isa = PBXBuildFile; fileRef = 5F34679D1F1CFFCE00223553 /* Room+CoreDataProperties.m */; };
		5F52A44E1F1355E000A0819C /* NSString+Utils.m in Sources */ = {isa = PBXBuildFile; fileRef = 5F52A44D1F1355E000A0819C /* NSString+Utils.m */; };
		5F52A4511F13567300A0819C /* Utils.m in Sources */ = {isa = PBXBuildFile; fileRef = 5F52A4501F13567300A0819C /* Utils.m */; };
		5F5B2C811F2466E60081CD4B /* ControlRoomPopup.m in Sources */ = {isa = PBXBuildFile; fileRef = 5F5B2C801F2466E60081CD4B /* ControlRoomPopup.m */; };
		5FF9608F1F2A3E2E00B210C6 /* AddTimerViewController.m in Sources */ = {isa = PBXBuildFile; fileRef = 5FF9608E1F2A3E2E00B210C6 /* AddTimerViewController.m */; };
		5FF960921F2A4A4F00B210C6 /* ListTimerViewController.m in Sources */ = {isa = PBXBuildFile; fileRef = 5FF960911F2A4A4F00B210C6 /* ListTimerViewController.m */; };
		880D061B208ECA6B002E8D0B /* KLCPopup.m in Sources */ = {isa = PBXBuildFile; fileRef = 880D0619208ECA6A002E8D0B /* KLCPopup.m */; };
		88F01CA6208F290D0004FF9E /* GoogleService-Info.plist in Resources */ = {isa = PBXBuildFile; fileRef = 88F01CA5208F290C0004FF9E /* GoogleService-Info.plist */; };
/* End PBXBuildFile section */

/* Begin PBXFileReference section */
		1807C6BF205E6F3B0086E45A /* SHTimer+CoreDataProperties.m */ = {isa = PBXFileReference; fileEncoding = 4; lastKnownFileType = sourcecode.c.objc; path = "SHTimer+CoreDataProperties.m"; sourceTree = "<group>"; };
		1813662D1E8A9C3A0075CA93 /* GalleryViewController.h */ = {isa = PBXFileReference; fileEncoding = 4; lastKnownFileType = sourcecode.c.h; path = GalleryViewController.h; sourceTree = "<group>"; };
		1813662E1E8A9C3A0075CA93 /* GalleryViewController.m */ = {isa = PBXFileReference; fileEncoding = 4; lastKnownFileType = sourcecode.c.objc; path = GalleryViewController.m; sourceTree = "<group>"; };
		181885AA1E9019D500F5609D /* ESP_ByteUtil.h */ = {isa = PBXFileReference; fileEncoding = 4; lastKnownFileType = sourcecode.c.h; name = ESP_ByteUtil.h; path = SmartConfig/ESP_ByteUtil.h; sourceTree = "<group>"; };
		181885AB1E9019D500F5609D /* ESP_ByteUtil.m */ = {isa = PBXFileReference; fileEncoding = 4; lastKnownFileType = sourcecode.c.objc; name = ESP_ByteUtil.m; path = SmartConfig/ESP_ByteUtil.m; sourceTree = "<group>"; };
		181885AC1E9019D500F5609D /* ESP_CRC8.h */ = {isa = PBXFileReference; fileEncoding = 4; lastKnownFileType = sourcecode.c.h; name = ESP_CRC8.h; path = SmartConfig/ESP_CRC8.h; sourceTree = "<group>"; };
		181885AD1E9019D500F5609D /* ESP_CRC8.m */ = {isa = PBXFileReference; fileEncoding = 4; lastKnownFileType = sourcecode.c.objc; name = ESP_CRC8.m; path = SmartConfig/ESP_CRC8.m; sourceTree = "<group>"; };
		181885AE1E9019D500F5609D /* ESP_NetUtil.h */ = {isa = PBXFileReference; fileEncoding = 4; lastKnownFileType = sourcecode.c.h; name = ESP_NetUtil.h; path = SmartConfig/ESP_NetUtil.h; sourceTree = "<group>"; };
		181885AF1E9019D500F5609D /* ESP_NetUtil.m */ = {isa = PBXFileReference; fileEncoding = 4; lastKnownFileType = sourcecode.c.objc; name = ESP_NetUtil.m; path = SmartConfig/ESP_NetUtil.m; sourceTree = "<group>"; };
		181885B01E9019D500F5609D /* ESP_WifiUtil.h */ = {isa = PBXFileReference; fileEncoding = 4; lastKnownFileType = sourcecode.c.h; name = ESP_WifiUtil.h; path = SmartConfig/ESP_WifiUtil.h; sourceTree = "<group>"; };
		181885B11E9019D500F5609D /* ESP_WifiUtil.m */ = {isa = PBXFileReference; fileEncoding = 4; lastKnownFileType = sourcecode.c.objc; name = ESP_WifiUtil.m; path = SmartConfig/ESP_WifiUtil.m; sourceTree = "<group>"; };
		181885B21E9019D500F5609D /* ESPAppDelegate.h */ = {isa = PBXFileReference; fileEncoding = 4; lastKnownFileType = sourcecode.c.h; name = ESPAppDelegate.h; path = SmartConfig/ESPAppDelegate.h; sourceTree = "<group>"; };
		181885B31E9019D500F5609D /* ESPAppDelegate.m */ = {isa = PBXFileReference; fileEncoding = 4; lastKnownFileType = sourcecode.c.objc; name = ESPAppDelegate.m; path = SmartConfig/ESPAppDelegate.m; sourceTree = "<group>"; };
		181885B41E9019D500F5609D /* ESPDataCode.h */ = {isa = PBXFileReference; fileEncoding = 4; lastKnownFileType = sourcecode.c.h; name = ESPDataCode.h; path = SmartConfig/ESPDataCode.h; sourceTree = "<group>"; };
		181885B51E9019D500F5609D /* ESPDataCode.m */ = {isa = PBXFileReference; fileEncoding = 4; lastKnownFileType = sourcecode.c.objc; name = ESPDataCode.m; path = SmartConfig/ESPDataCode.m; sourceTree = "<group>"; };
		181885B61E9019D500F5609D /* ESPDatumCode.h */ = {isa = PBXFileReference; fileEncoding = 4; lastKnownFileType = sourcecode.c.h; name = ESPDatumCode.h; path = SmartConfig/ESPDatumCode.h; sourceTree = "<group>"; };
		181885B71E9019D500F5609D /* ESPDatumCode.m */ = {isa = PBXFileReference; fileEncoding = 4; lastKnownFileType = sourcecode.c.objc; name = ESPDatumCode.m; path = SmartConfig/ESPDatumCode.m; sourceTree = "<group>"; };
		181885B81E9019D500F5609D /* ESPGuideCode.h */ = {isa = PBXFileReference; fileEncoding = 4; lastKnownFileType = sourcecode.c.h; name = ESPGuideCode.h; path = SmartConfig/ESPGuideCode.h; sourceTree = "<group>"; };
		181885B91E9019D500F5609D /* ESPGuideCode.m */ = {isa = PBXFileReference; fileEncoding = 4; lastKnownFileType = sourcecode.c.objc; name = ESPGuideCode.m; path = SmartConfig/ESPGuideCode.m; sourceTree = "<group>"; };
		181885BA1E9019D500F5609D /* ESPTouchDelegate.h */ = {isa = PBXFileReference; fileEncoding = 4; lastKnownFileType = sourcecode.c.h; name = ESPTouchDelegate.h; path = SmartConfig/ESPTouchDelegate.h; sourceTree = "<group>"; };
		181885BB1E9019D500F5609D /* EspTouchDemo-Info.plist */ = {isa = PBXFileReference; fileEncoding = 4; lastKnownFileType = text.plist.xml; name = "EspTouchDemo-Info.plist"; path = "SmartConfig/EspTouchDemo-Info.plist"; sourceTree = "<group>"; };
		181885BC1E9019D500F5609D /* EspTouchDemo-Prefix.pch */ = {isa = PBXFileReference; fileEncoding = 4; lastKnownFileType = sourcecode.c.h; name = "EspTouchDemo-Prefix.pch"; path = "SmartConfig/EspTouchDemo-Prefix.pch"; sourceTree = "<group>"; };
		181885BD1E9019D500F5609D /* ESPTouchGenerator.h */ = {isa = PBXFileReference; fileEncoding = 4; lastKnownFileType = sourcecode.c.h; name = ESPTouchGenerator.h; path = SmartConfig/ESPTouchGenerator.h; sourceTree = "<group>"; };
		181885BE1E9019D500F5609D /* ESPTouchGenerator.m */ = {isa = PBXFileReference; fileEncoding = 4; lastKnownFileType = sourcecode.c.objc; name = ESPTouchGenerator.m; path = SmartConfig/ESPTouchGenerator.m; sourceTree = "<group>"; };
		181885BF1E9019D500F5609D /* ESPTouchResult.h */ = {isa = PBXFileReference; fileEncoding = 4; lastKnownFileType = sourcecode.c.h; name = ESPTouchResult.h; path = SmartConfig/ESPTouchResult.h; sourceTree = "<group>"; };
		181885C01E9019D500F5609D /* ESPTouchResult.m */ = {isa = PBXFileReference; fileEncoding = 4; lastKnownFileType = sourcecode.c.objc; name = ESPTouchResult.m; path = SmartConfig/ESPTouchResult.m; sourceTree = "<group>"; };
		181885C11E9019D500F5609D /* ESPTouchTask.h */ = {isa = PBXFileReference; fileEncoding = 4; lastKnownFileType = sourcecode.c.h; name = ESPTouchTask.h; path = SmartConfig/ESPTouchTask.h; sourceTree = "<group>"; };
		181885C21E9019D500F5609D /* ESPTouchTask.m */ = {isa = PBXFileReference; fileEncoding = 4; lastKnownFileType = sourcecode.c.objc; name = ESPTouchTask.m; path = SmartConfig/ESPTouchTask.m; sourceTree = "<group>"; };
		181885C31E9019D500F5609D /* ESPTouchTaskParameter.h */ = {isa = PBXFileReference; fileEncoding = 4; lastKnownFileType = sourcecode.c.h; name = ESPTouchTaskParameter.h; path = SmartConfig/ESPTouchTaskParameter.h; sourceTree = "<group>"; };
		181885C41E9019D500F5609D /* ESPTouchTaskParameter.m */ = {isa = PBXFileReference; fileEncoding = 4; lastKnownFileType = sourcecode.c.objc; name = ESPTouchTaskParameter.m; path = SmartConfig/ESPTouchTaskParameter.m; sourceTree = "<group>"; };
		181885C51E9019D500F5609D /* ESPUDPSocketClient.h */ = {isa = PBXFileReference; fileEncoding = 4; lastKnownFileType = sourcecode.c.h; name = ESPUDPSocketClient.h; path = SmartConfig/ESPUDPSocketClient.h; sourceTree = "<group>"; };
		181885C61E9019D500F5609D /* ESPUDPSocketClient.m */ = {isa = PBXFileReference; fileEncoding = 4; lastKnownFileType = sourcecode.c.objc; name = ESPUDPSocketClient.m; path = SmartConfig/ESPUDPSocketClient.m; sourceTree = "<group>"; };
		181885C71E9019D500F5609D /* ESPUDPSocketServer.h */ = {isa = PBXFileReference; fileEncoding = 4; lastKnownFileType = sourcecode.c.h; name = ESPUDPSocketServer.h; path = SmartConfig/ESPUDPSocketServer.h; sourceTree = "<group>"; };
		181885C81E9019D500F5609D /* ESPUDPSocketServer.m */ = {isa = PBXFileReference; fileEncoding = 4; lastKnownFileType = sourcecode.c.objc; name = ESPUDPSocketServer.m; path = SmartConfig/ESPUDPSocketServer.m; sourceTree = "<group>"; };
		181885C91E9019D500F5609D /* ESPVersionMacro.h */ = {isa = PBXFileReference; fileEncoding = 4; lastKnownFileType = sourcecode.c.h; name = ESPVersionMacro.h; path = SmartConfig/ESPVersionMacro.h; sourceTree = "<group>"; };
		181885CA1E9019D500F5609D /* ESPViewController.h */ = {isa = PBXFileReference; fileEncoding = 4; lastKnownFileType = sourcecode.c.h; name = ESPViewController.h; path = SmartConfig/ESPViewController.h; sourceTree = "<group>"; };
		181885CB1E9019D500F5609D /* ESPViewController.m */ = {isa = PBXFileReference; fileEncoding = 4; lastKnownFileType = sourcecode.c.objc; name = ESPViewController.m; path = SmartConfig/ESPViewController.m; sourceTree = "<group>"; };
		181885DC1E901B0C00F5609D /* SmartHome-Prefix.pch */ = {isa = PBXFileReference; lastKnownFileType = sourcecode.c.h; path = "SmartHome-Prefix.pch"; sourceTree = "<group>"; };
		183054AA2003966A0015A7EE /* ShareDevice.h */ = {isa = PBXFileReference; lastKnownFileType = sourcecode.c.h; path = ShareDevice.h; sourceTree = "<group>"; };
		183054AB2003966A0015A7EE /* ShareDevice.m */ = {isa = PBXFileReference; lastKnownFileType = sourcecode.c.objc; path = ShareDevice.m; sourceTree = "<group>"; };
		183F55572003278600B072A9 /* MemberListViewController.h */ = {isa = PBXFileReference; lastKnownFileType = sourcecode.c.h; path = MemberListViewController.h; sourceTree = "<group>"; };
		183F55582003278600B072A9 /* MemberListViewController.m */ = {isa = PBXFileReference; lastKnownFileType = sourcecode.c.objc; path = MemberListViewController.m; sourceTree = "<group>"; };
		183F55592003278600B072A9 /* MemberListViewController.xib */ = {isa = PBXFileReference; lastKnownFileType = file.xib; path = MemberListViewController.xib; sourceTree = "<group>"; };
		183F555F2003285D00B072A9 /* MemberViewCell.h */ = {isa = PBXFileReference; lastKnownFileType = sourcecode.c.h; path = MemberViewCell.h; sourceTree = "<group>"; };
		183F55602003285D00B072A9 /* MemberViewCell.m */ = {isa = PBXFileReference; lastKnownFileType = sourcecode.c.objc; path = MemberViewCell.m; sourceTree = "<group>"; };
		183F55612003285D00B072A9 /* MemberViewCell.xib */ = {isa = PBXFileReference; lastKnownFileType = file.xib; path = MemberViewCell.xib; sourceTree = "<group>"; };
		183F556520032D1800B072A9 /* SHMember.h */ = {isa = PBXFileReference; lastKnownFileType = sourcecode.c.h; path = SHMember.h; sourceTree = "<group>"; };
		183F556620032D1800B072A9 /* SHMember.m */ = {isa = PBXFileReference; lastKnownFileType = sourcecode.c.objc; path = SHMember.m; sourceTree = "<group>"; };
		183F55682003308000B072A9 /* MemberDetailViewController.h */ = {isa = PBXFileReference; lastKnownFileType = sourcecode.c.h; path = MemberDetailViewController.h; sourceTree = "<group>"; };
		183F55692003308000B072A9 /* MemberDetailViewController.m */ = {isa = PBXFileReference; lastKnownFileType = sourcecode.c.objc; path = MemberDetailViewController.m; sourceTree = "<group>"; };
		183F556A2003308000B072A9 /* MemberDetailViewController.xib */ = {isa = PBXFileReference; lastKnownFileType = file.xib; path = MemberDetailViewController.xib; sourceTree = "<group>"; };
		183F556D200330D000B072A9 /* MemberDetailViewCell.h */ = {isa = PBXFileReference; lastKnownFileType = sourcecode.c.h; path = MemberDetailViewCell.h; sourceTree = "<group>"; };
		183F556E200330D000B072A9 /* MemberDetailViewCell.m */ = {isa = PBXFileReference; lastKnownFileType = sourcecode.c.objc; path = MemberDetailViewCell.m; sourceTree = "<group>"; };
		183F556F200330D000B072A9 /* MemberDetailViewCell.xib */ = {isa = PBXFileReference; lastKnownFileType = file.xib; path = MemberDetailViewCell.xib; sourceTree = "<group>"; };
		184000991E841441000A7ECB /* Helper.h */ = {isa = PBXFileReference; fileEncoding = 4; lastKnownFileType = sourcecode.c.h; path = Helper.h; sourceTree = "<group>"; };
		1840009A1E841441000A7ECB /* Helper.m */ = {isa = PBXFileReference; fileEncoding = 4; lastKnownFileType = sourcecode.c.objc; path = Helper.m; sourceTree = "<group>"; };
		1840009C1E841873000A7ECB /* AddMenuViewController.h */ = {isa = PBXFileReference; fileEncoding = 4; lastKnownFileType = sourcecode.c.h; path = AddMenuViewController.h; sourceTree = "<group>"; };
		1840009D1E841873000A7ECB /* AddMenuViewController.m */ = {isa = PBXFileReference; fileEncoding = 4; lastKnownFileType = sourcecode.c.objc; path = AddMenuViewController.m; sourceTree = "<group>"; };
		1840009F1E841B6E000A7ECB /* AddMenuViewCell.h */ = {isa = PBXFileReference; fileEncoding = 4; lastKnownFileType = sourcecode.c.h; path = AddMenuViewCell.h; sourceTree = "<group>"; };
		184000A01E841B6E000A7ECB /* AddMenuViewCell.m */ = {isa = PBXFileReference; fileEncoding = 4; lastKnownFileType = sourcecode.c.objc; path = AddMenuViewCell.m; sourceTree = "<group>"; };
		185D75E320099C0C003FDD4C /* RequestPopupViewController.h */ = {isa = PBXFileReference; lastKnownFileType = sourcecode.c.h; path = RequestPopupViewController.h; sourceTree = "<group>"; };
		185D75E420099C0D003FDD4C /* RequestPopupViewController.m */ = {isa = PBXFileReference; lastKnownFileType = sourcecode.c.objc; path = RequestPopupViewController.m; sourceTree = "<group>"; };
		185E78681E95E8EC0048B450 /* Scene.h */ = {isa = PBXFileReference; fileEncoding = 4; lastKnownFileType = sourcecode.c.h; path = Scene.h; sourceTree = "<group>"; };
		185E78691E95E8EC0048B450 /* Scene.m */ = {isa = PBXFileReference; fileEncoding = 4; lastKnownFileType = sourcecode.c.objc; path = Scene.m; sourceTree = "<group>"; };
		185E786B1E95E9150048B450 /* AbtractObject.h */ = {isa = PBXFileReference; fileEncoding = 4; lastKnownFileType = sourcecode.c.h; path = AbtractObject.h; sourceTree = "<group>"; };
		185E786C1E95E9150048B450 /* AbtractObject.m */ = {isa = PBXFileReference; fileEncoding = 4; lastKnownFileType = sourcecode.c.objc; path = AbtractObject.m; sourceTree = "<group>"; };
		185E786E1E95FB680048B450 /* SceneDetailViewController.h */ = {isa = PBXFileReference; fileEncoding = 4; lastKnownFileType = sourcecode.c.h; path = SceneDetailViewController.h; sourceTree = "<group>"; };
		185E786F1E95FB680048B450 /* SceneDetailViewController.m */ = {isa = PBXFileReference; fileEncoding = 4; lastKnownFileType = sourcecode.c.objc; path = SceneDetailViewController.m; sourceTree = "<group>"; };
		185E78711E96A8C50048B450 /* SceneDetail.h */ = {isa = PBXFileReference; fileEncoding = 4; lastKnownFileType = sourcecode.c.h; path = SceneDetail.h; sourceTree = "<group>"; };
		185E78721E96A8C50048B450 /* SceneDetail.m */ = {isa = PBXFileReference; fileEncoding = 4; lastKnownFileType = sourcecode.c.objc; path = SceneDetail.m; sourceTree = "<group>"; };
		186DADFA1EAB503A00D00206 /* UIImage+Color.h */ = {isa = PBXFileReference; fileEncoding = 4; lastKnownFileType = sourcecode.c.h; path = "UIImage+Color.h"; sourceTree = "<group>"; };
		186DADFB1EAB503A00D00206 /* UIImage+Color.m */ = {isa = PBXFileReference; fileEncoding = 4; lastKnownFileType = sourcecode.c.objc; path = "UIImage+Color.m"; sourceTree = "<group>"; };
		188CF320205FA47C0099B630 /* SystemConfiguration.framework */ = {isa = PBXFileReference; lastKnownFileType = wrapper.framework; name = SystemConfiguration.framework; path = System/Library/Frameworks/SystemConfiguration.framework; sourceTree = SDKROOT; };
		188E61D6204E365C008DD7DD /* TouchSwitchViewCell.m */ = {isa = PBXFileReference; fileEncoding = 4; lastKnownFileType = sourcecode.c.objc; path = TouchSwitchViewCell.m; sourceTree = "<group>"; };
		188E61D7204E365C008DD7DD /* TouchSwitchViewCell.h */ = {isa = PBXFileReference; fileEncoding = 4; lastKnownFileType = sourcecode.c.h; path = TouchSwitchViewCell.h; sourceTree = "<group>"; };
		188E61D8204E365C008DD7DD /* TouchSwitchViewCell.xib */ = {isa = PBXFileReference; fileEncoding = 4; lastKnownFileType = file.xib; path = TouchSwitchViewCell.xib; sourceTree = "<group>"; };
		188E61DB204E78EE008DD7DD /* ChannelViewCell.h */ = {isa = PBXFileReference; lastKnownFileType = sourcecode.c.h; path = ChannelViewCell.h; sourceTree = "<group>"; };
		188E61DC204E78EE008DD7DD /* ChannelViewCell.m */ = {isa = PBXFileReference; lastKnownFileType = sourcecode.c.objc; path = ChannelViewCell.m; sourceTree = "<group>"; };
		188E61DD204E78EE008DD7DD /* ChannelViewCell.xib */ = {isa = PBXFileReference; lastKnownFileType = file.xib; path = ChannelViewCell.xib; sourceTree = "<group>"; };
		18902FB5206A83D0003D182F /* SmartConfigViewController.h */ = {isa = PBXFileReference; lastKnownFileType = sourcecode.c.h; path = SmartConfigViewController.h; sourceTree = "<group>"; };
		18902FB6206A83D0003D182F /* SmartConfigViewController.m */ = {isa = PBXFileReference; lastKnownFileType = sourcecode.c.objc; path = SmartConfigViewController.m; sourceTree = "<group>"; };
		18902FB7206A83D0003D182F /* SmartConfigViewController.xib */ = {isa = PBXFileReference; lastKnownFileType = file.xib; path = SmartConfigViewController.xib; sourceTree = "<group>"; };
		18AD101B2004D2CF000DC410 /* ShareViewController.h */ = {isa = PBXFileReference; lastKnownFileType = sourcecode.c.h; path = ShareViewController.h; sourceTree = "<group>"; };
		18AD101C2004D2CF000DC410 /* ShareViewController.m */ = {isa = PBXFileReference; lastKnownFileType = sourcecode.c.objc; path = ShareViewController.m; sourceTree = "<group>"; };
		18AD101D2004D2CF000DC410 /* ShareViewController.xib */ = {isa = PBXFileReference; lastKnownFileType = file.xib; path = ShareViewController.xib; sourceTree = "<group>"; };
		18AD102320052D1B000DC410 /* FirebaseTestViewController.h */ = {isa = PBXFileReference; lastKnownFileType = sourcecode.c.h; path = FirebaseTestViewController.h; sourceTree = "<group>"; };
		18AD102420052D1B000DC410 /* FirebaseTestViewController.m */ = {isa = PBXFileReference; lastKnownFileType = sourcecode.c.objc; path = FirebaseTestViewController.m; sourceTree = "<group>"; };
		18AD102520052D1B000DC410 /* FirebaseTestViewController.xib */ = {isa = PBXFileReference; lastKnownFileType = file.xib; path = FirebaseTestViewController.xib; sourceTree = "<group>"; };
		18B010CE1E758E78001834FB /* FavViewCell.h */ = {isa = PBXFileReference; fileEncoding = 4; lastKnownFileType = sourcecode.c.h; path = FavViewCell.h; sourceTree = "<group>"; };
		18B010CF1E758E78001834FB /* FavViewCell.m */ = {isa = PBXFileReference; fileEncoding = 4; lastKnownFileType = sourcecode.c.objc; path = FavViewCell.m; sourceTree = "<group>"; };
		18B010D11E759AA2001834FB /* BaseViewController.h */ = {isa = PBXFileReference; fileEncoding = 4; lastKnownFileType = sourcecode.c.h; path = BaseViewController.h; sourceTree = "<group>"; };
		18B010D21E759AA2001834FB /* BaseViewController.m */ = {isa = PBXFileReference; fileEncoding = 4; lastKnownFileType = sourcecode.c.objc; path = BaseViewController.m; sourceTree = "<group>"; };
		18B6514B1E7695BF007D4176 /* BaseServicez.h */ = {isa = PBXFileReference; fileEncoding = 4; lastKnownFileType = sourcecode.c.h; path = BaseServicez.h; sourceTree = "<group>"; };
		18B6514C1E7695BF007D4176 /* BaseServicez.m */ = {isa = PBXFileReference; fileEncoding = 4; lastKnownFileType = sourcecode.c.objc; path = BaseServicez.m; sourceTree = "<group>"; };
		18B6DD371F6046BA00225B32 /* Assets.xcassets */ = {isa = PBXFileReference; lastKnownFileType = folder.assetcatalog; path = Assets.xcassets; sourceTree = "<group>"; };
		18B6DD391F60569300225B32 /* NewSlider.h */ = {isa = PBXFileReference; fileEncoding = 4; lastKnownFileType = sourcecode.c.h; path = NewSlider.h; sourceTree = "<group>"; };
		18B6DD3A1F60569300225B32 /* NewSlider.m */ = {isa = PBXFileReference; fileEncoding = 4; lastKnownFileType = sourcecode.c.objc; path = NewSlider.m; sourceTree = "<group>"; };
		18C8DFC81E895D1A00DC5330 /* CoredataHelper.h */ = {isa = PBXFileReference; fileEncoding = 4; lastKnownFileType = sourcecode.c.h; path = CoredataHelper.h; sourceTree = "<group>"; };
		18C8DFC91E895D1A00DC5330 /* CoredataHelper.m */ = {isa = PBXFileReference; fileEncoding = 4; lastKnownFileType = sourcecode.c.objc; path = CoredataHelper.m; sourceTree = "<group>"; };
		18C8DFD51E896CBC00DC5330 /* SmartHome.json */ = {isa = PBXFileReference; fileEncoding = 4; lastKnownFileType = text.json; path = SmartHome.json; sourceTree = SOURCE_ROOT; };
		18CB6999200299BD00966A0F /* User.h */ = {isa = PBXFileReference; lastKnownFileType = sourcecode.c.h; path = User.h; sourceTree = "<group>"; };
		18CB699A200299BD00966A0F /* User.m */ = {isa = PBXFileReference; lastKnownFileType = sourcecode.c.objc; path = User.m; sourceTree = "<group>"; };
		18CBD2B91E87A2E2002635D8 /* EditDeviceMenuViewController.h */ = {isa = PBXFileReference; fileEncoding = 4; lastKnownFileType = sourcecode.c.h; path = EditDeviceMenuViewController.h; sourceTree = "<group>"; };
		18CBD2BA1E87A2E2002635D8 /* EditDeviceMenuViewController.m */ = {isa = PBXFileReference; fileEncoding = 4; lastKnownFileType = sourcecode.c.objc; path = EditDeviceMenuViewController.m; sourceTree = "<group>"; };
		18CBD2BC1E87B223002635D8 /* ListDeviceViewController.h */ = {isa = PBXFileReference; fileEncoding = 4; lastKnownFileType = sourcecode.c.h; path = ListDeviceViewController.h; sourceTree = "<group>"; };
		18CBD2BD1E87B223002635D8 /* ListDeviceViewController.m */ = {isa = PBXFileReference; fileEncoding = 4; lastKnownFileType = sourcecode.c.objc; path = ListDeviceViewController.m; sourceTree = "<group>"; };
		18CBD2C01E87B33D002635D8 /* LightViewCell.xib */ = {isa = PBXFileReference; fileEncoding = 4; lastKnownFileType = file.xib; path = LightViewCell.xib; sourceTree = "<group>"; };
		18CBD2C21E87B36C002635D8 /* LightOnOffViewCell.xib */ = {isa = PBXFileReference; fileEncoding = 4; lastKnownFileType = file.xib; path = LightOnOffViewCell.xib; sourceTree = "<group>"; };
		18CBD2C41E87B383002635D8 /* RemViewCell.xib */ = {isa = PBXFileReference; fileEncoding = 4; lastKnownFileType = file.xib; path = RemViewCell.xib; sourceTree = "<group>"; };
		18CC8B931E7E4207007FD291 /* PageContentViewController.h */ = {isa = PBXFileReference; fileEncoding = 4; lastKnownFileType = sourcecode.c.h; path = PageContentViewController.h; sourceTree = "<group>"; };
		18CC8B941E7E4207007FD291 /* PageContentViewController.m */ = {isa = PBXFileReference; fileEncoding = 4; lastKnownFileType = sourcecode.c.objc; path = PageContentViewController.m; sourceTree = "<group>"; };
		18CC8B961E7E42C5007FD291 /* APPChildViewController.h */ = {isa = PBXFileReference; fileEncoding = 4; lastKnownFileType = sourcecode.c.h; path = APPChildViewController.h; sourceTree = "<group>"; };
		18CC8B971E7E42C5007FD291 /* APPChildViewController.m */ = {isa = PBXFileReference; fileEncoding = 4; lastKnownFileType = sourcecode.c.objc; path = APPChildViewController.m; sourceTree = "<group>"; };
		18CC8B991E7E4986007FD291 /* TypeRoomViewCell.h */ = {isa = PBXFileReference; fileEncoding = 4; lastKnownFileType = sourcecode.c.h; path = TypeRoomViewCell.h; sourceTree = "<group>"; };
		18CC8B9A1E7E4986007FD291 /* TypeRoomViewCell.m */ = {isa = PBXFileReference; fileEncoding = 4; lastKnownFileType = sourcecode.c.objc; path = TypeRoomViewCell.m; sourceTree = "<group>"; };
		18CC8B9C1E7E499F007FD291 /* TypeRoomViewCell.xib */ = {isa = PBXFileReference; fileEncoding = 4; lastKnownFileType = file.xib; path = TypeRoomViewCell.xib; sourceTree = "<group>"; };
		18D2FDE51F768BBE00B98CE1 /* OpenGLES.framework */ = {isa = PBXFileReference; lastKnownFileType = wrapper.framework; name = OpenGLES.framework; path = System/Library/Frameworks/OpenGLES.framework; sourceTree = SDKROOT; };
		18D2FDE71F768BC400B98CE1 /* CoreGraphics.framework */ = {isa = PBXFileReference; lastKnownFileType = wrapper.framework; name = CoreGraphics.framework; path = System/Library/Frameworks/CoreGraphics.framework; sourceTree = SDKROOT; };
		18D2FDE91F768BC900B98CE1 /* QuartzCore.framework */ = {isa = PBXFileReference; lastKnownFileType = wrapper.framework; name = QuartzCore.framework; path = System/Library/Frameworks/QuartzCore.framework; sourceTree = SDKROOT; };
		18DBF4291E8EA64D00311D72 /* LightStateViewCell.h */ = {isa = PBXFileReference; fileEncoding = 4; lastKnownFileType = sourcecode.c.h; path = LightStateViewCell.h; sourceTree = "<group>"; };
		18DBF42A1E8EA64D00311D72 /* LightStateViewCell.m */ = {isa = PBXFileReference; fileEncoding = 4; lastKnownFileType = sourcecode.c.objc; path = LightStateViewCell.m; sourceTree = "<group>"; };
		18DBF42C1E8EA65C00311D72 /* LightValueViewCell.h */ = {isa = PBXFileReference; fileEncoding = 4; lastKnownFileType = sourcecode.c.h; path = LightValueViewCell.h; sourceTree = "<group>"; };
		18DBF42D1E8EA65C00311D72 /* LightValueViewCell.m */ = {isa = PBXFileReference; fileEncoding = 4; lastKnownFileType = sourcecode.c.objc; path = LightValueViewCell.m; sourceTree = "<group>"; };
		18DBF42F1E8EC10E00311D72 /* BaseViewCell.h */ = {isa = PBXFileReference; fileEncoding = 4; lastKnownFileType = sourcecode.c.h; path = BaseViewCell.h; sourceTree = "<group>"; };
		18DBF4301E8EC10E00311D72 /* BaseViewCell.m */ = {isa = PBXFileReference; fileEncoding = 4; lastKnownFileType = sourcecode.c.objc; path = BaseViewCell.m; sourceTree = "<group>"; };
		18E318672009FBE3002015BA /* WellComeViewController.h */ = {isa = PBXFileReference; lastKnownFileType = sourcecode.c.h; path = WellComeViewController.h; sourceTree = "<group>"; };
		18E318682009FBE3002015BA /* WellComeViewController.m */ = {isa = PBXFileReference; lastKnownFileType = sourcecode.c.objc; path = WellComeViewController.m; sourceTree = "<group>"; };
		18E3186C2009FDBE002015BA /* LoginViewController.h */ = {isa = PBXFileReference; lastKnownFileType = sourcecode.c.h; path = LoginViewController.h; sourceTree = "<group>"; };
		18E3186D2009FDBE002015BA /* LoginViewController.m */ = {isa = PBXFileReference; lastKnownFileType = sourcecode.c.objc; path = LoginViewController.m; sourceTree = "<group>"; };
		18E3186E2009FDBE002015BA /* LoginViewController.xib */ = {isa = PBXFileReference; lastKnownFileType = file.xib; path = LoginViewController.xib; sourceTree = "<group>"; };
		18E4E6EE1E8D4408001CCED3 /* ScenceViewController.h */ = {isa = PBXFileReference; fileEncoding = 4; lastKnownFileType = sourcecode.c.h; path = ScenceViewController.h; sourceTree = "<group>"; };
		18E4E6EF1E8D4408001CCED3 /* ScenceViewController.m */ = {isa = PBXFileReference; fileEncoding = 4; lastKnownFileType = sourcecode.c.objc; path = ScenceViewController.m; sourceTree = "<group>"; };
		18E4E6F11E8D447C001CCED3 /* Device.h */ = {isa = PBXFileReference; fileEncoding = 4; lastKnownFileType = sourcecode.c.h; path = Device.h; sourceTree = "<group>"; };
		18E4E6F21E8D447C001CCED3 /* Device.m */ = {isa = PBXFileReference; fileEncoding = 4; lastKnownFileType = sourcecode.c.objc; path = Device.m; sourceTree = "<group>"; };
		18E4E6F41E8D4D94001CCED3 /* RemViewCell.h */ = {isa = PBXFileReference; fileEncoding = 4; lastKnownFileType = sourcecode.c.h; path = RemViewCell.h; sourceTree = "<group>"; };
		18E4E6F51E8D4D94001CCED3 /* RemViewCell.m */ = {isa = PBXFileReference; fileEncoding = 4; lastKnownFileType = sourcecode.c.objc; path = RemViewCell.m; sourceTree = "<group>"; };
		18E4E6F71E8D5036001CCED3 /* BaseTabbarViewController.h */ = {isa = PBXFileReference; fileEncoding = 4; lastKnownFileType = sourcecode.c.h; path = BaseTabbarViewController.h; sourceTree = "<group>"; };
		18E4E6F81E8D5036001CCED3 /* BaseTabbarViewController.m */ = {isa = PBXFileReference; fileEncoding = 4; lastKnownFileType = sourcecode.c.objc; path = BaseTabbarViewController.m; sourceTree = "<group>"; };
		18EC416C20615C6F00388B1A /* ListControlViewController.h */ = {isa = PBXFileReference; lastKnownFileType = sourcecode.c.h; path = ListControlViewController.h; sourceTree = "<group>"; };
		18EC416D20615C6F00388B1A /* ListControlViewController.m */ = {isa = PBXFileReference; lastKnownFileType = sourcecode.c.objc; path = ListControlViewController.m; sourceTree = "<group>"; };
		18EC416E20615C6F00388B1A /* ListControlViewController.xib */ = {isa = PBXFileReference; lastKnownFileType = file.xib; path = ListControlViewController.xib; sourceTree = "<group>"; };
		18EC41712061632C00388B1A /* ControlViewCell.h */ = {isa = PBXFileReference; lastKnownFileType = sourcecode.c.h; path = ControlViewCell.h; sourceTree = "<group>"; };
		18EC41722061632C00388B1A /* ControlViewCell.m */ = {isa = PBXFileReference; lastKnownFileType = sourcecode.c.objc; path = ControlViewCell.m; sourceTree = "<group>"; };
		18EC41732061632C00388B1A /* ControlViewCell.xib */ = {isa = PBXFileReference; lastKnownFileType = file.xib; path = ControlViewCell.xib; sourceTree = "<group>"; };
		18EC41762061656300388B1A /* Controller.h */ = {isa = PBXFileReference; lastKnownFileType = sourcecode.c.h; path = Controller.h; sourceTree = "<group>"; };
		18EC41772061656300388B1A /* Controller.m */ = {isa = PBXFileReference; lastKnownFileType = sourcecode.c.objc; path = Controller.m; sourceTree = "<group>"; };
		18EFAD621E756F8900637669 /* SmartHome.app */ = {isa = PBXFileReference; explicitFileType = wrapper.application; includeInIndex = 0; path = SmartHome.app; sourceTree = BUILT_PRODUCTS_DIR; };
		18EFAD661E756F8900637669 /* main.m */ = {isa = PBXFileReference; lastKnownFileType = sourcecode.c.objc; path = main.m; sourceTree = "<group>"; };
		18EFAD681E756F8900637669 /* AppDelegate.h */ = {isa = PBXFileReference; lastKnownFileType = sourcecode.c.h; path = AppDelegate.h; sourceTree = "<group>"; };
		18EFAD691E756F8900637669 /* AppDelegate.m */ = {isa = PBXFileReference; lastKnownFileType = sourcecode.c.objc; path = AppDelegate.m; sourceTree = "<group>"; };
		18EFAD6B1E756F8900637669 /* ViewController.h */ = {isa = PBXFileReference; lastKnownFileType = sourcecode.c.h; path = ViewController.h; sourceTree = "<group>"; };
		18EFAD6C1E756F8900637669 /* ViewController.m */ = {isa = PBXFileReference; lastKnownFileType = sourcecode.c.objc; path = ViewController.m; sourceTree = "<group>"; };
		18EFAD6F1E756F8900637669 /* Base */ = {isa = PBXFileReference; lastKnownFileType = file.storyboard; name = Base; path = Base.lproj/Main.storyboard; sourceTree = "<group>"; };
		18EFAD721E756F8900637669 /* SmartHome.xcdatamodel */ = {isa = PBXFileReference; lastKnownFileType = wrapper.xcdatamodel; path = SmartHome.xcdatamodel; sourceTree = "<group>"; };
		18EFAD771E756F8900637669 /* Base */ = {isa = PBXFileReference; lastKnownFileType = file.storyboard; name = Base; path = Base.lproj/LaunchScreen.storyboard; sourceTree = "<group>"; };
		18EFAD791E756F8900637669 /* Info.plist */ = {isa = PBXFileReference; lastKnownFileType = text.plist.xml; path = Info.plist; sourceTree = "<group>"; };
		18EFAD811E75791C00637669 /* FavoriteViewController.h */ = {isa = PBXFileReference; fileEncoding = 4; lastKnownFileType = sourcecode.c.h; path = FavoriteViewController.h; sourceTree = "<group>"; };
		18EFAD821E75791C00637669 /* FavoriteViewController.m */ = {isa = PBXFileReference; fileEncoding = 4; lastKnownFileType = sourcecode.c.objc; path = FavoriteViewController.m; sourceTree = "<group>"; };
		18F1335F2001DBF9008A5E55 /* FirebaseHelper.h */ = {isa = PBXFileReference; lastKnownFileType = sourcecode.c.h; path = FirebaseHelper.h; sourceTree = "<group>"; };
		18F133602001DBF9008A5E55 /* FirebaseHelper.m */ = {isa = PBXFileReference; lastKnownFileType = sourcecode.c.objc; path = FirebaseHelper.m; sourceTree = "<group>"; };
		18F133692001E73E008A5E55 /* AccountViewController.h */ = {isa = PBXFileReference; lastKnownFileType = sourcecode.c.h; path = AccountViewController.h; sourceTree = "<group>"; };
		18F1336A2001E73E008A5E55 /* AccountViewController.m */ = {isa = PBXFileReference; lastKnownFileType = sourcecode.c.objc; path = AccountViewController.m; sourceTree = "<group>"; };
		18F1336B2001E73E008A5E55 /* AccountViewController.xib */ = {isa = PBXFileReference; lastKnownFileType = file.xib; path = AccountViewController.xib; sourceTree = "<group>"; };
		18F467FA1E8017E1001CF694 /* RoomViewController.h */ = {isa = PBXFileReference; fileEncoding = 4; lastKnownFileType = sourcecode.c.h; path = RoomViewController.h; sourceTree = "<group>"; };
		18F467FB1E8017E1001CF694 /* RoomViewController.m */ = {isa = PBXFileReference; fileEncoding = 4; lastKnownFileType = sourcecode.c.objc; path = RoomViewController.m; sourceTree = "<group>"; };
		5F09E9651F2360EA00B3AD47 /* SortRoomViewController.h */ = {isa = PBXFileReference; fileEncoding = 4; lastKnownFileType = sourcecode.c.h; path = SortRoomViewController.h; sourceTree = "<group>"; };
		5F09E9661F2360EA00B3AD47 /* SortRoomViewController.m */ = {isa = PBXFileReference; fileEncoding = 4; lastKnownFileType = sourcecode.c.objc; path = SortRoomViewController.m; sourceTree = "<group>"; };
		5F09E9681F23625B00B3AD47 /* SortRoomViewCell.xib */ = {isa = PBXFileReference; fileEncoding = 4; lastKnownFileType = file.xib; path = SortRoomViewCell.xib; sourceTree = "<group>"; };
		5F09E96A1F23631F00B3AD47 /* SortRoomViewCell.h */ = {isa = PBXFileReference; fileEncoding = 4; lastKnownFileType = sourcecode.c.h; path = SortRoomViewCell.h; sourceTree = "<group>"; };
		5F09E96B1F23631F00B3AD47 /* SortRoomViewCell.m */ = {isa = PBXFileReference; fileEncoding = 4; lastKnownFileType = sourcecode.c.objc; path = SortRoomViewCell.m; sourceTree = "<group>"; };
		5F28939C1F19D74600F74A77 /* MQTTService.h */ = {isa = PBXFileReference; fileEncoding = 4; lastKnownFileType = sourcecode.c.h; path = MQTTService.h; sourceTree = "<group>"; };
		5F28939D1F19D74600F74A77 /* MQTTService.m */ = {isa = PBXFileReference; fileEncoding = 4; lastKnownFileType = sourcecode.c.objc; path = MQTTService.m; sourceTree = "<group>"; };
		5F2893A01F19E04600F74A77 /* SCSkypeActivityIndicatorView.h */ = {isa = PBXFileReference; fileEncoding = 4; lastKnownFileType = sourcecode.c.h; path = SCSkypeActivityIndicatorView.h; sourceTree = "<group>"; };
		5F2893A11F19E04600F74A77 /* SCSkypeActivityIndicatorView.m */ = {isa = PBXFileReference; fileEncoding = 4; lastKnownFileType = sourcecode.c.objc; path = SCSkypeActivityIndicatorView.m; sourceTree = "<group>"; };
		5F2D4B131F239E09007B7D13 /* HTKSampleCollectionViewController.h */ = {isa = PBXFileReference; fileEncoding = 4; lastKnownFileType = sourcecode.c.h; path = HTKSampleCollectionViewController.h; sourceTree = "<group>"; };
		5F2D4B141F239E09007B7D13 /* HTKSampleCollectionViewController.m */ = {isa = PBXFileReference; fileEncoding = 4; lastKnownFileType = sourcecode.c.objc; path = HTKSampleCollectionViewController.m; sourceTree = "<group>"; };
		5F2D4B151F239E09007B7D13 /* HTKSampleCollectionViewCell.h */ = {isa = PBXFileReference; fileEncoding = 4; lastKnownFileType = sourcecode.c.h; path = HTKSampleCollectionViewCell.h; sourceTree = "<group>"; };
		5F2D4B161F239E09007B7D13 /* HTKSampleCollectionViewCell.m */ = {isa = PBXFileReference; fileEncoding = 4; lastKnownFileType = sourcecode.c.objc; path = HTKSampleCollectionViewCell.m; sourceTree = "<group>"; };
		5F3187901F2B8E6D00090F4A /* SHTimer+CoreDataClass.h */ = {isa = PBXFileReference; fileEncoding = 4; lastKnownFileType = sourcecode.c.h; path = "SHTimer+CoreDataClass.h"; sourceTree = "<group>"; };
		5F3187911F2B8E6D00090F4A /* SHTimer+CoreDataClass.m */ = {isa = PBXFileReference; fileEncoding = 4; lastKnownFileType = sourcecode.c.objc; path = "SHTimer+CoreDataClass.m"; sourceTree = "<group>"; };
		5F3187921F2B8E6D00090F4A /* SHTimer+CoreDataProperties.h */ = {isa = PBXFileReference; fileEncoding = 4; lastKnownFileType = sourcecode.c.h; path = "SHTimer+CoreDataProperties.h"; sourceTree = "<group>"; };
		5F34679A1F1CFFCE00223553 /* Room+CoreDataClass.h */ = {isa = PBXFileReference; fileEncoding = 4; lastKnownFileType = sourcecode.c.h; path = "Room+CoreDataClass.h"; sourceTree = "<group>"; };
		5F34679B1F1CFFCE00223553 /* Room+CoreDataClass.m */ = {isa = PBXFileReference; fileEncoding = 4; lastKnownFileType = sourcecode.c.objc; path = "Room+CoreDataClass.m"; sourceTree = "<group>"; };
		5F34679C1F1CFFCE00223553 /* Room+CoreDataProperties.h */ = {isa = PBXFileReference; fileEncoding = 4; lastKnownFileType = sourcecode.c.h; path = "Room+CoreDataProperties.h"; sourceTree = "<group>"; };
		5F34679D1F1CFFCE00223553 /* Room+CoreDataProperties.m */ = {isa = PBXFileReference; fileEncoding = 4; lastKnownFileType = sourcecode.c.objc; path = "Room+CoreDataProperties.m"; sourceTree = "<group>"; };
		5F52A44C1F1355E000A0819C /* NSString+Utils.h */ = {isa = PBXFileReference; fileEncoding = 4; lastKnownFileType = sourcecode.c.h; path = "NSString+Utils.h"; sourceTree = "<group>"; };
		5F52A44D1F1355E000A0819C /* NSString+Utils.m */ = {isa = PBXFileReference; fileEncoding = 4; lastKnownFileType = sourcecode.c.objc; path = "NSString+Utils.m"; sourceTree = "<group>"; };
		5F52A44F1F13567300A0819C /* Utils.h */ = {isa = PBXFileReference; fileEncoding = 4; lastKnownFileType = sourcecode.c.h; path = Utils.h; sourceTree = "<group>"; };
		5F52A4501F13567300A0819C /* Utils.m */ = {isa = PBXFileReference; fileEncoding = 4; lastKnownFileType = sourcecode.c.objc; path = Utils.m; sourceTree = "<group>"; };
		5F5B2C7F1F2466E60081CD4B /* ControlRoomPopup.h */ = {isa = PBXFileReference; fileEncoding = 4; lastKnownFileType = sourcecode.c.h; path = ControlRoomPopup.h; sourceTree = "<group>"; };
		5F5B2C801F2466E60081CD4B /* ControlRoomPopup.m */ = {isa = PBXFileReference; fileEncoding = 4; lastKnownFileType = sourcecode.c.objc; path = ControlRoomPopup.m; sourceTree = "<group>"; };
		5FEB18081F663BB90013600B /* Roboto-Black.ttf */ = {isa = PBXFileReference; lastKnownFileType = file; path = "Roboto-Black.ttf"; sourceTree = "<group>"; };
		5FEB18091F663BB90013600B /* Roboto-BlackItalic.ttf */ = {isa = PBXFileReference; lastKnownFileType = file; path = "Roboto-BlackItalic.ttf"; sourceTree = "<group>"; };
		5FEB180A1F663BB90013600B /* Roboto-Bold.ttf */ = {isa = PBXFileReference; lastKnownFileType = file; path = "Roboto-Bold.ttf"; sourceTree = "<group>"; };
		5FEB180B1F663BB90013600B /* Roboto-BoldItalic.ttf */ = {isa = PBXFileReference; lastKnownFileType = file; path = "Roboto-BoldItalic.ttf"; sourceTree = "<group>"; };
		5FEB180C1F663BB90013600B /* Roboto-Italic.ttf */ = {isa = PBXFileReference; lastKnownFileType = file; path = "Roboto-Italic.ttf"; sourceTree = "<group>"; };
		5FEB180D1F663BB90013600B /* Roboto-Light.ttf */ = {isa = PBXFileReference; lastKnownFileType = file; path = "Roboto-Light.ttf"; sourceTree = "<group>"; };
		5FEB180E1F663BB90013600B /* Roboto-LightItalic.ttf */ = {isa = PBXFileReference; lastKnownFileType = file; path = "Roboto-LightItalic.ttf"; sourceTree = "<group>"; };
		5FEB180F1F663BB90013600B /* Roboto-Medium.ttf */ = {isa = PBXFileReference; lastKnownFileType = file; path = "Roboto-Medium.ttf"; sourceTree = "<group>"; };
		5FEB18101F663BB90013600B /* Roboto-MediumItalic.ttf */ = {isa = PBXFileReference; lastKnownFileType = file; path = "Roboto-MediumItalic.ttf"; sourceTree = "<group>"; };
		5FEB18111F663BB90013600B /* Roboto-Regular.ttf */ = {isa = PBXFileReference; lastKnownFileType = file; path = "Roboto-Regular.ttf"; sourceTree = "<group>"; };
		5FEB18121F663BB90013600B /* Roboto-Thin.ttf */ = {isa = PBXFileReference; lastKnownFileType = file; path = "Roboto-Thin.ttf"; sourceTree = "<group>"; };
		5FEB18131F663BB90013600B /* Roboto-ThinItalic.ttf */ = {isa = PBXFileReference; lastKnownFileType = file; path = "Roboto-ThinItalic.ttf"; sourceTree = "<group>"; };
		5FF9608D1F2A3E2E00B210C6 /* AddTimerViewController.h */ = {isa = PBXFileReference; fileEncoding = 4; lastKnownFileType = sourcecode.c.h; path = AddTimerViewController.h; sourceTree = "<group>"; };
		5FF9608E1F2A3E2E00B210C6 /* AddTimerViewController.m */ = {isa = PBXFileReference; fileEncoding = 4; lastKnownFileType = sourcecode.c.objc; path = AddTimerViewController.m; sourceTree = "<group>"; };
		5FF960901F2A4A4F00B210C6 /* ListTimerViewController.h */ = {isa = PBXFileReference; fileEncoding = 4; lastKnownFileType = sourcecode.c.h; path = ListTimerViewController.h; sourceTree = "<group>"; };
		5FF960911F2A4A4F00B210C6 /* ListTimerViewController.m */ = {isa = PBXFileReference; fileEncoding = 4; lastKnownFileType = sourcecode.c.objc; path = ListTimerViewController.m; sourceTree = "<group>"; };
		700169DFD2338627CDDD4235 /* Pods-SmartHome.release.xcconfig */ = {isa = PBXFileReference; includeInIndex = 1; lastKnownFileType = text.xcconfig; name = "Pods-SmartHome.release.xcconfig"; path = "Pods/Target Support Files/Pods-SmartHome/Pods-SmartHome.release.xcconfig"; sourceTree = "<group>"; };
		880D0619208ECA6A002E8D0B /* KLCPopup.m */ = {isa = PBXFileReference; fileEncoding = 4; lastKnownFileType = sourcecode.c.objc; name = KLCPopup.m; path = "../../../../../Downloads/KLCPopup-master/KLCPopup/KLCPopup.m"; sourceTree = "<group>"; };
		880D061A208ECA6B002E8D0B /* KLCPopup.h */ = {isa = PBXFileReference; fileEncoding = 4; lastKnownFileType = sourcecode.c.h; name = KLCPopup.h; path = "../../../../../Downloads/KLCPopup-master/KLCPopup/KLCPopup.h"; sourceTree = "<group>"; };
		88F01CA5208F290C0004FF9E /* GoogleService-Info.plist */ = {isa = PBXFileReference; fileEncoding = 4; lastKnownFileType = text.plist.xml; path = "GoogleService-Info.plist"; sourceTree = "<group>"; };
		CCD3503CE72DAC2AF3B5F99A /* Pods-SmartHome.debug.xcconfig */ = {isa = PBXFileReference; includeInIndex = 1; lastKnownFileType = text.xcconfig; name = "Pods-SmartHome.debug.xcconfig"; path = "Pods/Target Support Files/Pods-SmartHome/Pods-SmartHome.debug.xcconfig"; sourceTree = "<group>"; };
		DA6FD98E423E87777FA74F6A /* libPods-SmartHome.a */ = {isa = PBXFileReference; explicitFileType = archive.ar; includeInIndex = 0; path = "libPods-SmartHome.a"; sourceTree = BUILT_PRODUCTS_DIR; };
/* End PBXFileReference section */

/* Begin PBXFrameworksBuildPhase section */
		18EFAD5F1E756F8900637669 /* Frameworks */ = {
			isa = PBXFrameworksBuildPhase;
			buildActionMask = 2147483647;
			files = (
				188CF321205FA47C0099B630 /* SystemConfiguration.framework in Frameworks */,
				18D2FDEA1F768BC900B98CE1 /* QuartzCore.framework in Frameworks */,
				18D2FDE81F768BC400B98CE1 /* CoreGraphics.framework in Frameworks */,
				18D2FDE61F768BBE00B98CE1 /* OpenGLES.framework in Frameworks */,
				5D26BDEEB7B8EFB19EC6619B /* libPods-SmartHome.a in Frameworks */,
			);
			runOnlyForDeploymentPostprocessing = 0;
		};
/* End PBXFrameworksBuildPhase section */

/* Begin PBXGroup section */
		181885A91E9019BD00F5609D /* SmartConfig */ = {
			isa = PBXGroup;
			children = (
				181885AA1E9019D500F5609D /* ESP_ByteUtil.h */,
				181885AB1E9019D500F5609D /* ESP_ByteUtil.m */,
				181885AC1E9019D500F5609D /* ESP_CRC8.h */,
				181885AD1E9019D500F5609D /* ESP_CRC8.m */,
				181885AE1E9019D500F5609D /* ESP_NetUtil.h */,
				181885AF1E9019D500F5609D /* ESP_NetUtil.m */,
				181885B01E9019D500F5609D /* ESP_WifiUtil.h */,
				181885B11E9019D500F5609D /* ESP_WifiUtil.m */,
				181885B21E9019D500F5609D /* ESPAppDelegate.h */,
				181885B31E9019D500F5609D /* ESPAppDelegate.m */,
				181885B41E9019D500F5609D /* ESPDataCode.h */,
				181885B51E9019D500F5609D /* ESPDataCode.m */,
				181885B61E9019D500F5609D /* ESPDatumCode.h */,
				181885B71E9019D500F5609D /* ESPDatumCode.m */,
				181885B81E9019D500F5609D /* ESPGuideCode.h */,
				181885B91E9019D500F5609D /* ESPGuideCode.m */,
				181885BA1E9019D500F5609D /* ESPTouchDelegate.h */,
				181885BB1E9019D500F5609D /* EspTouchDemo-Info.plist */,
				181885BC1E9019D500F5609D /* EspTouchDemo-Prefix.pch */,
				181885BD1E9019D500F5609D /* ESPTouchGenerator.h */,
				181885BE1E9019D500F5609D /* ESPTouchGenerator.m */,
				181885BF1E9019D500F5609D /* ESPTouchResult.h */,
				181885C01E9019D500F5609D /* ESPTouchResult.m */,
				181885C11E9019D500F5609D /* ESPTouchTask.h */,
				181885C21E9019D500F5609D /* ESPTouchTask.m */,
				181885C31E9019D500F5609D /* ESPTouchTaskParameter.h */,
				181885C41E9019D500F5609D /* ESPTouchTaskParameter.m */,
				181885C51E9019D500F5609D /* ESPUDPSocketClient.h */,
				181885C61E9019D500F5609D /* ESPUDPSocketClient.m */,
				181885C71E9019D500F5609D /* ESPUDPSocketServer.h */,
				181885C81E9019D500F5609D /* ESPUDPSocketServer.m */,
				181885C91E9019D500F5609D /* ESPVersionMacro.h */,
				181885CA1E9019D500F5609D /* ESPViewController.h */,
				181885CB1E9019D500F5609D /* ESPViewController.m */,
			);
			name = SmartConfig;
			sourceTree = "<group>";
		};
		182AEA59205E6D0C005A30E8 /* Model */ = {
			isa = PBXGroup;
			children = (
				185E78681E95E8EC0048B450 /* Scene.h */,
				185E78691E95E8EC0048B450 /* Scene.m */,
				185E78711E96A8C50048B450 /* SceneDetail.h */,
				185E78721E96A8C50048B450 /* SceneDetail.m */,
			);
			path = Model;
			sourceTree = "<group>";
		};
		182AEA5A205E6D21005A30E8 /* Model */ = {
			isa = PBXGroup;
			children = (
				5F3187901F2B8E6D00090F4A /* SHTimer+CoreDataClass.h */,
				5F3187911F2B8E6D00090F4A /* SHTimer+CoreDataClass.m */,
				5F3187921F2B8E6D00090F4A /* SHTimer+CoreDataProperties.h */,
				1807C6BF205E6F3B0086E45A /* SHTimer+CoreDataProperties.m */,
			);
			name = Model;
			path = "New Group";
			sourceTree = "<group>";
		};
		183F555C2003282900B072A9 /* Member */ = {
			isa = PBXGroup;
			children = (
				183F5564200328B300B072A9 /* Model */,
				183F555E2003283A00B072A9 /* View */,
				183F555D2003282E00B072A9 /* Controller */,
			);
			name = Member;
			sourceTree = "<group>";
		};
		183F555D2003282E00B072A9 /* Controller */ = {
			isa = PBXGroup;
			children = (
				18F133692001E73E008A5E55 /* AccountViewController.h */,
				18F1336A2001E73E008A5E55 /* AccountViewController.m */,
				18F1336B2001E73E008A5E55 /* AccountViewController.xib */,
				183F55572003278600B072A9 /* MemberListViewController.h */,
				183F55582003278600B072A9 /* MemberListViewController.m */,
				183F55592003278600B072A9 /* MemberListViewController.xib */,
				183F55682003308000B072A9 /* MemberDetailViewController.h */,
				183F55692003308000B072A9 /* MemberDetailViewController.m */,
				183F556A2003308000B072A9 /* MemberDetailViewController.xib */,
				18AD101B2004D2CF000DC410 /* ShareViewController.h */,
				18AD101C2004D2CF000DC410 /* ShareViewController.m */,
				18AD101D2004D2CF000DC410 /* ShareViewController.xib */,
				18AD102320052D1B000DC410 /* FirebaseTestViewController.h */,
				18AD102420052D1B000DC410 /* FirebaseTestViewController.m */,
				18AD102520052D1B000DC410 /* FirebaseTestViewController.xib */,
				185D75E320099C0C003FDD4C /* RequestPopupViewController.h */,
				185D75E420099C0D003FDD4C /* RequestPopupViewController.m */,
			);
			name = Controller;
			sourceTree = "<group>";
		};
		183F555E2003283A00B072A9 /* View */ = {
			isa = PBXGroup;
			children = (
				183F555F2003285D00B072A9 /* MemberViewCell.h */,
				183F55602003285D00B072A9 /* MemberViewCell.m */,
				183F55612003285D00B072A9 /* MemberViewCell.xib */,
				183F556D200330D000B072A9 /* MemberDetailViewCell.h */,
				183F556E200330D000B072A9 /* MemberDetailViewCell.m */,
				183F556F200330D000B072A9 /* MemberDetailViewCell.xib */,
			);
			name = View;
			sourceTree = "<group>";
		};
		183F5564200328B300B072A9 /* Model */ = {
			isa = PBXGroup;
			children = (
				183F556520032D1800B072A9 /* SHMember.h */,
				183F556620032D1800B072A9 /* SHMember.m */,
				183054AA2003966A0015A7EE /* ShareDevice.h */,
				183054AB2003966A0015A7EE /* ShareDevice.m */,
			);
			name = Model;
			sourceTree = "<group>";
		};
		184000981E841428000A7ECB /* Helper */ = {
			isa = PBXGroup;
			children = (
				188A92A12007EDCD00143E26 /* Popup */,
				184000991E841441000A7ECB /* Helper.h */,
				1840009A1E841441000A7ECB /* Helper.m */,
				186DADFA1EAB503A00D00206 /* UIImage+Color.h */,
				186DADFB1EAB503A00D00206 /* UIImage+Color.m */,
				5F52A44C1F1355E000A0819C /* NSString+Utils.h */,
				5F52A44D1F1355E000A0819C /* NSString+Utils.m */,
				5F52A44F1F13567300A0819C /* Utils.h */,
				5F52A4501F13567300A0819C /* Utils.m */,
			);
			name = Helper;
			sourceTree = "<group>";
		};
		184E5C5B2052EC740028B003 /* Timer */ = {
			isa = PBXGroup;
			children = (
				182AEA5A205E6D21005A30E8 /* Model */,
				184E5C5C2052EC880028B003 /* Controller */,
			);
			name = Timer;
			sourceTree = "<group>";
		};
		184E5C5C2052EC880028B003 /* Controller */ = {
			isa = PBXGroup;
			children = (
				5FF9608D1F2A3E2E00B210C6 /* AddTimerViewController.h */,
				5FF9608E1F2A3E2E00B210C6 /* AddTimerViewController.m */,
				5FF960901F2A4A4F00B210C6 /* ListTimerViewController.h */,
				5FF960911F2A4A4F00B210C6 /* ListTimerViewController.m */,
			);
			name = Controller;
			sourceTree = "<group>";
		};
		187264EB20068FD700C2CF9B /* Scene */ = {
			isa = PBXGroup;
			children = (
				182AEA59205E6D0C005A30E8 /* Model */,
				187264EC20068FFB00C2CF9B /* Controller */,
			);
			name = Scene;
			sourceTree = "<group>";
		};
		187264EC20068FFB00C2CF9B /* Controller */ = {
			isa = PBXGroup;
			children = (
				18E4E6EE1E8D4408001CCED3 /* ScenceViewController.h */,
				18E4E6EF1E8D4408001CCED3 /* ScenceViewController.m */,
				185E786E1E95FB680048B450 /* SceneDetailViewController.h */,
				185E786F1E95FB680048B450 /* SceneDetailViewController.m */,
			);
			name = Controller;
			sourceTree = "<group>";
		};
		18746DD02065F96B00A37945 /* Favorite */ = {
			isa = PBXGroup;
			children = (
				18746DD32065F9A600A37945 /* View */,
				18746DD22065F99C00A37945 /* Controller */,
			);
			path = Favorite;
			sourceTree = "<group>";
		};
		18746DD22065F99C00A37945 /* Controller */ = {
			isa = PBXGroup;
			children = (
				18EFAD811E75791C00637669 /* FavoriteViewController.h */,
				18EFAD821E75791C00637669 /* FavoriteViewController.m */,
			);
			name = Controller;
			sourceTree = "<group>";
		};
		18746DD32065F9A600A37945 /* View */ = {
			isa = PBXGroup;
			children = (
				18B010CE1E758E78001834FB /* FavViewCell.h */,
				18B010CF1E758E78001834FB /* FavViewCell.m */,
			);
			path = View;
			sourceTree = "<group>";
		};
		188A92A12007EDCD00143E26 /* Popup */ = {
			isa = PBXGroup;
			children = (
				880D061A208ECA6B002E8D0B /* KLCPopup.h */,
				880D0619208ECA6A002E8D0B /* KLCPopup.m */,
			);
			name = Popup;
			sourceTree = "<group>";
		};
		188E61D5204E354B008DD7DD /* Model */ = {
			isa = PBXGroup;
			children = (
				5F34679A1F1CFFCE00223553 /* Room+CoreDataClass.h */,
				5F34679B1F1CFFCE00223553 /* Room+CoreDataClass.m */,
				5F34679C1F1CFFCE00223553 /* Room+CoreDataProperties.h */,
				5F34679D1F1CFFCE00223553 /* Room+CoreDataProperties.m */,
				18EC41762061656300388B1A /* Controller.h */,
				18EC41772061656300388B1A /* Controller.m */,
			);
			name = Model;
			sourceTree = "<group>";
		};
		18AD10202004FE5D000DC410 /* Room */ = {
			isa = PBXGroup;
			children = (
				188E61D5204E354B008DD7DD /* Model */,
				18AD10222004FE69000DC410 /* View */,
				18AD10212004FE63000DC410 /* Controller */,
			);
			name = Room;
			sourceTree = "<group>";
		};
		18AD10212004FE63000DC410 /* Controller */ = {
			isa = PBXGroup;
			children = (
				18F467FA1E8017E1001CF694 /* RoomViewController.h */,
				18F467FB1E8017E1001CF694 /* RoomViewController.m */,
				18EC416C20615C6F00388B1A /* ListControlViewController.h */,
				18EC416D20615C6F00388B1A /* ListControlViewController.m */,
				18EC416E20615C6F00388B1A /* ListControlViewController.xib */,
				18902FB5206A83D0003D182F /* SmartConfigViewController.h */,
				18902FB6206A83D0003D182F /* SmartConfigViewController.m */,
				18902FB7206A83D0003D182F /* SmartConfigViewController.xib */,
			);
			name = Controller;
			sourceTree = "<group>";
		};
		18AD10222004FE69000DC410 /* View */ = {
			isa = PBXGroup;
			children = (
				188E61D7204E365C008DD7DD /* TouchSwitchViewCell.h */,
				188E61D6204E365C008DD7DD /* TouchSwitchViewCell.m */,
				188E61D8204E365C008DD7DD /* TouchSwitchViewCell.xib */,
				188E61DB204E78EE008DD7DD /* ChannelViewCell.h */,
				188E61DC204E78EE008DD7DD /* ChannelViewCell.m */,
				188E61DD204E78EE008DD7DD /* ChannelViewCell.xib */,
				18EC41712061632C00388B1A /* ControlViewCell.h */,
				18EC41722061632C00388B1A /* ControlViewCell.m */,
				18EC41732061632C00388B1A /* ControlViewCell.xib */,
			);
			name = View;
			sourceTree = "<group>";
		};
		18B6514A1E76959D007D4176 /* Services */ = {
			isa = PBXGroup;
			children = (
				18B6514B1E7695BF007D4176 /* BaseServicez.h */,
				18B6514C1E7695BF007D4176 /* BaseServicez.m */,
				18C8DFC81E895D1A00DC5330 /* CoredataHelper.h */,
				18C8DFC91E895D1A00DC5330 /* CoredataHelper.m */,
				5F28939C1F19D74600F74A77 /* MQTTService.h */,
				5F28939D1F19D74600F74A77 /* MQTTService.m */,
				18F1335F2001DBF9008A5E55 /* FirebaseHelper.h */,
				18F133602001DBF9008A5E55 /* FirebaseHelper.m */,
			);
			name = Services;
			sourceTree = "<group>";
		};
		18C8DFC71E895BF200DC5330 /* Model */ = {
			isa = PBXGroup;
			children = (
				18E4E6F11E8D447C001CCED3 /* Device.h */,
				18E4E6F21E8D447C001CCED3 /* Device.m */,
				18E4E6F41E8D4D94001CCED3 /* RemViewCell.h */,
				18E4E6F51E8D4D94001CCED3 /* RemViewCell.m */,
				18DBF4291E8EA64D00311D72 /* LightStateViewCell.h */,
				18DBF42A1E8EA64D00311D72 /* LightStateViewCell.m */,
				18DBF42C1E8EA65C00311D72 /* LightValueViewCell.h */,
				18DBF42D1E8EA65C00311D72 /* LightValueViewCell.m */,
				18DBF42F1E8EC10E00311D72 /* BaseViewCell.h */,
				18DBF4301E8EC10E00311D72 /* BaseViewCell.m */,
				185E786B1E95E9150048B450 /* AbtractObject.h */,
				185E786C1E95E9150048B450 /* AbtractObject.m */,
				5F09E96A1F23631F00B3AD47 /* SortRoomViewCell.h */,
				5F09E96B1F23631F00B3AD47 /* SortRoomViewCell.m */,
				18B6DD391F60569300225B32 /* NewSlider.h */,
				18B6DD3A1F60569300225B32 /* NewSlider.m */,
				18CB6999200299BD00966A0F /* User.h */,
				18CB699A200299BD00966A0F /* User.m */,
			);
			name = Model;
			sourceTree = "<group>";
		};
		18CBD2BF1E87B325002635D8 /* View */ = {
			isa = PBXGroup;
			children = (
				18CC8B991E7E4986007FD291 /* TypeRoomViewCell.h */,
				18CC8B9A1E7E4986007FD291 /* TypeRoomViewCell.m */,
				18CC8B9C1E7E499F007FD291 /* TypeRoomViewCell.xib */,
				18CBD2C01E87B33D002635D8 /* LightViewCell.xib */,
				18CBD2C21E87B36C002635D8 /* LightOnOffViewCell.xib */,
				18CBD2C41E87B383002635D8 /* RemViewCell.xib */,
				5F09E9681F23625B00B3AD47 /* SortRoomViewCell.xib */,
			);
			name = View;
			sourceTree = "<group>";
		};
		18CC8B921E7E41E9007FD291 /* Home */ = {
			isa = PBXGroup;
			children = (
				18F133642001E6C5008A5E55 /* Controller */,
				18C8DFC71E895BF200DC5330 /* Model */,
				18CBD2BF1E87B325002635D8 /* View */,
				1840009C1E841873000A7ECB /* AddMenuViewController.h */,
				1840009D1E841873000A7ECB /* AddMenuViewController.m */,
				1840009F1E841B6E000A7ECB /* AddMenuViewCell.h */,
				184000A01E841B6E000A7ECB /* AddMenuViewCell.m */,
				18CBD2B91E87A2E2002635D8 /* EditDeviceMenuViewController.h */,
				18CBD2BA1E87A2E2002635D8 /* EditDeviceMenuViewController.m */,
				18CBD2BC1E87B223002635D8 /* ListDeviceViewController.h */,
				18CBD2BD1E87B223002635D8 /* ListDeviceViewController.m */,
				18E4E6F71E8D5036001CCED3 /* BaseTabbarViewController.h */,
				18E4E6F81E8D5036001CCED3 /* BaseTabbarViewController.m */,
				5F09E9651F2360EA00B3AD47 /* SortRoomViewController.h */,
				5F09E9661F2360EA00B3AD47 /* SortRoomViewController.m */,
				5F2D4B131F239E09007B7D13 /* HTKSampleCollectionViewController.h */,
				5F2D4B141F239E09007B7D13 /* HTKSampleCollectionViewController.m */,
				5F2D4B151F239E09007B7D13 /* HTKSampleCollectionViewCell.h */,
				5F2D4B161F239E09007B7D13 /* HTKSampleCollectionViewCell.m */,
				5F5B2C7F1F2466E60081CD4B /* ControlRoomPopup.h */,
				5F5B2C801F2466E60081CD4B /* ControlRoomPopup.m */,
			);
			name = Home;
			sourceTree = "<group>";
		};
		18EFAD591E756F8900637669 = {
			isa = PBXGroup;
			children = (
				18EFAD641E756F8900637669 /* SmartHome */,
				18EFAD631E756F8900637669 /* Products */,
				98091C7CD91B2575C9C0D960 /* Pods */,
				9069C3FAB68F2B885402180C /* Frameworks */,
			);
			sourceTree = "<group>";
		};
		18EFAD631E756F8900637669 /* Products */ = {
			isa = PBXGroup;
			children = (
				18EFAD621E756F8900637669 /* SmartHome.app */,
			);
			name = Products;
			sourceTree = "<group>";
		};
		18EFAD641E756F8900637669 /* SmartHome */ = {
			isa = PBXGroup;
			children = (
				5F28939F1F19E01F00F74A77 /* Libs */,
				181885A91E9019BD00F5609D /* SmartConfig */,
				184000981E841428000A7ECB /* Helper */,
				18B6514A1E76959D007D4176 /* Services */,
				18EFAD7F1E7578E900637669 /* Screen */,
				18EFAD681E756F8900637669 /* AppDelegate.h */,
				18EFAD691E756F8900637669 /* AppDelegate.m */,
				18EFAD6B1E756F8900637669 /* ViewController.h */,
				18EFAD6C1E756F8900637669 /* ViewController.m */,
				18B010D11E759AA2001834FB /* BaseViewController.h */,
				18B010D21E759AA2001834FB /* BaseViewController.m */,
				18EFAD6E1E756F8900637669 /* Main.storyboard */,
				18EFAD761E756F8900637669 /* LaunchScreen.storyboard */,
				18B6DD371F6046BA00225B32 /* Assets.xcassets */,
				18EFAD791E756F8900637669 /* Info.plist */,
				88F01CA5208F290C0004FF9E /* GoogleService-Info.plist */,
				18EFAD711E756F8900637669 /* SmartHome.xcdatamodeld */,
				18C8DFD51E896CBC00DC5330 /* SmartHome.json */,
				18EFAD651E756F8900637669 /* Supporting Files */,
			);
			path = SmartHome;
			sourceTree = "<group>";
		};
		18EFAD651E756F8900637669 /* Supporting Files */ = {
			isa = PBXGroup;
			children = (
				5FEB18071F663B920013600B /* Fonts */,
				181885DC1E901B0C00F5609D /* SmartHome-Prefix.pch */,
				18EFAD661E756F8900637669 /* main.m */,
			);
			name = "Supporting Files";
			sourceTree = "<group>";
		};
		18EFAD7F1E7578E900637669 /* Screen */ = {
			isa = PBXGroup;
			children = (
				18746DD02065F96B00A37945 /* Favorite */,
				184E5C5B2052EC740028B003 /* Timer */,
				187264EB20068FD700C2CF9B /* Scene */,
				18AD10202004FE5D000DC410 /* Room */,
				183F555C2003282900B072A9 /* Member */,
				18CC8B921E7E41E9007FD291 /* Home */,
			);
			name = Screen;
			sourceTree = "<group>";
		};
		18F133642001E6C5008A5E55 /* Controller */ = {
			isa = PBXGroup;
			children = (
				18CC8B931E7E4207007FD291 /* PageContentViewController.h */,
				18CC8B941E7E4207007FD291 /* PageContentViewController.m */,
				18CC8B961E7E42C5007FD291 /* APPChildViewController.h */,
				18CC8B971E7E42C5007FD291 /* APPChildViewController.m */,
				18E318672009FBE3002015BA /* WellComeViewController.h */,
				18E318682009FBE3002015BA /* WellComeViewController.m */,
				18E3186C2009FDBE002015BA /* LoginViewController.h */,
				18E3186D2009FDBE002015BA /* LoginViewController.m */,
				18E3186E2009FDBE002015BA /* LoginViewController.xib */,
				1813662D1E8A9C3A0075CA93 /* GalleryViewController.h */,
				1813662E1E8A9C3A0075CA93 /* GalleryViewController.m */,
			);
			name = Controller;
			sourceTree = "<group>";
		};
		5F28939F1F19E01F00F74A77 /* Libs */ = {
			isa = PBXGroup;
			children = (
				5F2893A01F19E04600F74A77 /* SCSkypeActivityIndicatorView.h */,
				5F2893A11F19E04600F74A77 /* SCSkypeActivityIndicatorView.m */,
			);
			name = Libs;
			sourceTree = "<group>";
		};
		5FEB18071F663B920013600B /* Fonts */ = {
			isa = PBXGroup;
			children = (
				5FEB18081F663BB90013600B /* Roboto-Black.ttf */,
				5FEB18091F663BB90013600B /* Roboto-BlackItalic.ttf */,
				5FEB180A1F663BB90013600B /* Roboto-Bold.ttf */,
				5FEB180B1F663BB90013600B /* Roboto-BoldItalic.ttf */,
				5FEB180C1F663BB90013600B /* Roboto-Italic.ttf */,
				5FEB180D1F663BB90013600B /* Roboto-Light.ttf */,
				5FEB180E1F663BB90013600B /* Roboto-LightItalic.ttf */,
				5FEB180F1F663BB90013600B /* Roboto-Medium.ttf */,
				5FEB18101F663BB90013600B /* Roboto-MediumItalic.ttf */,
				5FEB18111F663BB90013600B /* Roboto-Regular.ttf */,
				5FEB18121F663BB90013600B /* Roboto-Thin.ttf */,
				5FEB18131F663BB90013600B /* Roboto-ThinItalic.ttf */,
			);
			name = Fonts;
			sourceTree = "<group>";
		};
		9069C3FAB68F2B885402180C /* Frameworks */ = {
			isa = PBXGroup;
			children = (
				188CF320205FA47C0099B630 /* SystemConfiguration.framework */,
				18D2FDE91F768BC900B98CE1 /* QuartzCore.framework */,
				18D2FDE71F768BC400B98CE1 /* CoreGraphics.framework */,
				18D2FDE51F768BBE00B98CE1 /* OpenGLES.framework */,
				DA6FD98E423E87777FA74F6A /* libPods-SmartHome.a */,
			);
			name = Frameworks;
			sourceTree = "<group>";
		};
		98091C7CD91B2575C9C0D960 /* Pods */ = {
			isa = PBXGroup;
			children = (
				CCD3503CE72DAC2AF3B5F99A /* Pods-SmartHome.debug.xcconfig */,
				700169DFD2338627CDDD4235 /* Pods-SmartHome.release.xcconfig */,
			);
			name = Pods;
			sourceTree = "<group>";
		};
/* End PBXGroup section */

/* Begin PBXNativeTarget section */
		18EFAD611E756F8900637669 /* SmartHome */ = {
			isa = PBXNativeTarget;
			buildConfigurationList = 18EFAD7C1E756F8900637669 /* Build configuration list for PBXNativeTarget "SmartHome" */;
			buildPhases = (
				66D454692992006D01B39981 /* [CP] Check Pods Manifest.lock */,
				18EFAD5E1E756F8900637669 /* Sources */,
				18EFAD5F1E756F8900637669 /* Frameworks */,
				18EFAD601E756F8900637669 /* Resources */,
				7A2601AD4EF55AE2B5C57C62 /* [CP] Embed Pods Frameworks */,
				8CB1209D8F168CFC9B877FB6 /* [CP] Copy Pods Resources */,
			);
			buildRules = (
			);
			dependencies = (
			);
			name = SmartHome;
			productName = SmartHome;
			productReference = 18EFAD621E756F8900637669 /* SmartHome.app */;
			productType = "com.apple.product-type.application";
		};
/* End PBXNativeTarget section */

/* Begin PBXProject section */
		18EFAD5A1E756F8900637669 /* Project object */ = {
			isa = PBXProject;
			attributes = {
				LastUpgradeCheck = 0810;
				ORGANIZATIONNAME = Apple;
				TargetAttributes = {
					18EFAD611E756F8900637669 = {
						CreatedOnToolsVersion = 8.1;
						DevelopmentTeam = F59XSVKP6X;
						ProvisioningStyle = Automatic;
					};
				};
			};
			buildConfigurationList = 18EFAD5D1E756F8900637669 /* Build configuration list for PBXProject "SmartHome" */;
			compatibilityVersion = "Xcode 3.2";
			developmentRegion = English;
			hasScannedForEncodings = 0;
			knownRegions = (
				en,
				Base,
			);
			mainGroup = 18EFAD591E756F8900637669;
			productRefGroup = 18EFAD631E756F8900637669 /* Products */;
			projectDirPath = "";
			projectRoot = "";
			targets = (
				18EFAD611E756F8900637669 /* SmartHome */,
			);
		};
/* End PBXProject section */

/* Begin PBXResourcesBuildPhase section */
		18EFAD601E756F8900637669 /* Resources */ = {
			isa = PBXResourcesBuildPhase;
			buildActionMask = 2147483647;
			files = (
				18E318702009FDBE002015BA /* LoginViewController.xib in Resources */,
				18EFAD781E756F8900637669 /* LaunchScreen.storyboard in Resources */,
				183F555B2003278600B072A9 /* MemberListViewController.xib in Resources */,
				18EC41752061632C00388B1A /* ControlViewCell.xib in Resources */,
				183F55632003285D00B072A9 /* MemberViewCell.xib in Resources */,
				5F09E9691F23625B00B3AD47 /* SortRoomViewCell.xib in Resources */,
				18CBD2C11E87B33D002635D8 /* LightViewCell.xib in Resources */,
				18CBD2C51E87B383002635D8 /* RemViewCell.xib in Resources */,
				18B6DD381F6046BA00225B32 /* Assets.xcassets in Resources */,
				188E61DA204E365C008DD7DD /* TouchSwitchViewCell.xib in Resources */,
				18902FB9206A83D0003D182F /* SmartConfigViewController.xib in Resources */,
				18AD102720052D1B000DC410 /* FirebaseTestViewController.xib in Resources */,
				18AD101F2004D2CF000DC410 /* ShareViewController.xib in Resources */,
				18EFAD701E756F8900637669 /* Main.storyboard in Resources */,
				18EC417020615C6F00388B1A /* ListControlViewController.xib in Resources */,
				18CBD2C31E87B36C002635D8 /* LightOnOffViewCell.xib in Resources */,
				181885D41E9019D500F5609D /* EspTouchDemo-Info.plist in Resources */,
				88F01CA6208F290D0004FF9E /* GoogleService-Info.plist in Resources */,
				183F556C2003308000B072A9 /* MemberDetailViewController.xib in Resources */,
				188E61DF204E78EE008DD7DD /* ChannelViewCell.xib in Resources */,
				18C8DFD61E896CBC00DC5330 /* SmartHome.json in Resources */,
				18F1336D2001E73E008A5E55 /* AccountViewController.xib in Resources */,
				18CC8B9D1E7E499F007FD291 /* TypeRoomViewCell.xib in Resources */,
				183F5571200330D000B072A9 /* MemberDetailViewCell.xib in Resources */,
			);
			runOnlyForDeploymentPostprocessing = 0;
		};
/* End PBXResourcesBuildPhase section */

/* Begin PBXShellScriptBuildPhase section */
		66D454692992006D01B39981 /* [CP] Check Pods Manifest.lock */ = {
			isa = PBXShellScriptBuildPhase;
			buildActionMask = 2147483647;
			files = (
			);
			inputPaths = (
				"${PODS_PODFILE_DIR_PATH}/Podfile.lock",
				"${PODS_ROOT}/Manifest.lock",
			);
			name = "[CP] Check Pods Manifest.lock";
			outputPaths = (
				"$(DERIVED_FILE_DIR)/Pods-SmartHome-checkManifestLockResult.txt",
			);
			runOnlyForDeploymentPostprocessing = 0;
			shellPath = /bin/sh;
			shellScript = "diff \"${PODS_PODFILE_DIR_PATH}/Podfile.lock\" \"${PODS_ROOT}/Manifest.lock\" > /dev/null\nif [ $? != 0 ] ; then\n    # print error to STDERR\n    echo \"error: The sandbox is not in sync with the Podfile.lock. Run 'pod install' or update your CocoaPods installation.\" >&2\n    exit 1\nfi\n# This output is used by Xcode 'outputs' to avoid re-running this script phase.\necho \"SUCCESS\" > \"${SCRIPT_OUTPUT_FILE_0}\"\n";
			showEnvVarsInLog = 0;
		};
		7A2601AD4EF55AE2B5C57C62 /* [CP] Embed Pods Frameworks */ = {
			isa = PBXShellScriptBuildPhase;
			buildActionMask = 2147483647;
			files = (
			);
			inputPaths = (
			);
			name = "[CP] Embed Pods Frameworks";
			outputPaths = (
			);
			runOnlyForDeploymentPostprocessing = 0;
			shellPath = /bin/sh;
			shellScript = "\"${SRCROOT}/Pods/Target Support Files/Pods-SmartHome/Pods-SmartHome-frameworks.sh\"\n";
			showEnvVarsInLog = 0;
		};
		8CB1209D8F168CFC9B877FB6 /* [CP] Copy Pods Resources */ = {
			isa = PBXShellScriptBuildPhase;
			buildActionMask = 2147483647;
			files = (
			);
			inputPaths = (
				"${SRCROOT}/Pods/Target Support Files/Pods-SmartHome/Pods-SmartHome-resources.sh",
				"${PODS_ROOT}/FBSDKCoreKit/FacebookSDKStrings.bundle",
				"${PODS_ROOT}/GPUImage/framework/Resources/lookup.png",
				"${PODS_ROOT}/GPUImage/framework/Resources/lookup_amatorka.png",
				"${PODS_ROOT}/GPUImage/framework/Resources/lookup_miss_etikate.png",
				"${PODS_ROOT}/GPUImage/framework/Resources/lookup_soft_elegance_1.png",
				"${PODS_ROOT}/GPUImage/framework/Resources/lookup_soft_elegance_2.png",
				"${PODS_ROOT}/GTMOAuth2/Source/Touch/GTMOAuth2ViewTouch.xib",
				"${PODS_ROOT}/GoogleSignIn/Resources/GoogleSignIn.bundle",
				"${PODS_ROOT}/SVProgressHUD/SVProgressHUD/SVProgressHUD.bundle",
			);
			name = "[CP] Copy Pods Resources";
			outputPaths = (
				"${TARGET_BUILD_DIR}/${UNLOCALIZED_RESOURCES_FOLDER_PATH}/FacebookSDKStrings.bundle",
				"${TARGET_BUILD_DIR}/${UNLOCALIZED_RESOURCES_FOLDER_PATH}/lookup.png",
				"${TARGET_BUILD_DIR}/${UNLOCALIZED_RESOURCES_FOLDER_PATH}/lookup_amatorka.png",
				"${TARGET_BUILD_DIR}/${UNLOCALIZED_RESOURCES_FOLDER_PATH}/lookup_miss_etikate.png",
				"${TARGET_BUILD_DIR}/${UNLOCALIZED_RESOURCES_FOLDER_PATH}/lookup_soft_elegance_1.png",
				"${TARGET_BUILD_DIR}/${UNLOCALIZED_RESOURCES_FOLDER_PATH}/lookup_soft_elegance_2.png",
				"${TARGET_BUILD_DIR}/${UNLOCALIZED_RESOURCES_FOLDER_PATH}/GTMOAuth2ViewTouch.nib",
				"${TARGET_BUILD_DIR}/${UNLOCALIZED_RESOURCES_FOLDER_PATH}/GoogleSignIn.bundle",
				"${TARGET_BUILD_DIR}/${UNLOCALIZED_RESOURCES_FOLDER_PATH}/SVProgressHUD.bundle",
			);
			runOnlyForDeploymentPostprocessing = 0;
			shellPath = /bin/sh;
			shellScript = "\"${SRCROOT}/Pods/Target Support Files/Pods-SmartHome/Pods-SmartHome-resources.sh\"\n";
			showEnvVarsInLog = 0;
		};
/* End PBXShellScriptBuildPhase section */

/* Begin PBXSourcesBuildPhase section */
		18EFAD5E1E756F8900637669 /* Sources */ = {
			isa = PBXSourcesBuildPhase;
			buildActionMask = 2147483647;
			files = (
				18CB699B200299BD00966A0F /* User.m in Sources */,
				185E786A1E95E8EC0048B450 /* Scene.m in Sources */,
				18B010D01E758E78001834FB /* FavViewCell.m in Sources */,
				18AD102620052D1B000DC410 /* FirebaseTestViewController.m in Sources */,
				185E786D1E95E9150048B450 /* AbtractObject.m in Sources */,
				188E61DE204E78EE008DD7DD /* ChannelViewCell.m in Sources */,
				880D061B208ECA6B002E8D0B /* KLCPopup.m in Sources */,
				181885D11E9019D500F5609D /* ESPDataCode.m in Sources */,
				18EFAD831E75791C00637669 /* FavoriteViewController.m in Sources */,
				18CBD2BE1E87B223002635D8 /* ListDeviceViewController.m in Sources */,
				18E4E6F91E8D5036001CCED3 /* BaseTabbarViewController.m in Sources */,
				181885D21E9019D500F5609D /* ESPDatumCode.m in Sources */,
				18CC8B951E7E4207007FD291 /* PageContentViewController.m in Sources */,
				183F55622003285D00B072A9 /* MemberViewCell.m in Sources */,
				185E78701E95FB680048B450 /* SceneDetailViewController.m in Sources */,
				18DBF42B1E8EA64D00311D72 /* LightStateViewCell.m in Sources */,
				18CBD2BB1E87A2E2002635D8 /* EditDeviceMenuViewController.m in Sources */,
				18EFAD6D1E756F8900637669 /* ViewController.m in Sources */,
				18EFAD6A1E756F8900637669 /* AppDelegate.m in Sources */,
				181885D31E9019D500F5609D /* ESPGuideCode.m in Sources */,
				183054AC2003966A0015A7EE /* ShareDevice.m in Sources */,
				18E4E6F31E8D447C001CCED3 /* Device.m in Sources */,
				18E4E6F01E8D4409001CCED3 /* ScenceViewController.m in Sources */,
				18EC41742061632C00388B1A /* ControlViewCell.m in Sources */,
				18DBF4311E8EC10E00311D72 /* BaseViewCell.m in Sources */,
				181885D71E9019D500F5609D /* ESPTouchTask.m in Sources */,
				18CC8B9B1E7E4986007FD291 /* TypeRoomViewCell.m in Sources */,
				181885D81E9019D500F5609D /* ESPTouchTaskParameter.m in Sources */,
				181885CD1E9019D500F5609D /* ESP_CRC8.m in Sources */,
				181885CF1E9019D500F5609D /* ESP_WifiUtil.m in Sources */,
				181885D01E9019D500F5609D /* ESPAppDelegate.m in Sources */,
				5F09E9671F2360EA00B3AD47 /* SortRoomViewController.m in Sources */,
				181885D61E9019D500F5609D /* ESPTouchResult.m in Sources */,
				18E4E6F61E8D4D94001CCED3 /* RemViewCell.m in Sources */,
				18B6514D1E7695BF007D4176 /* BaseServicez.m in Sources */,
				5F2893A21F19E04600F74A77 /* SCSkypeActivityIndicatorView.m in Sources */,
				18EC416F20615C6F00388B1A /* ListControlViewController.m in Sources */,
				5F28939E1F19D74600F74A77 /* MQTTService.m in Sources */,
				181885D91E9019D500F5609D /* ESPUDPSocketClient.m in Sources */,
				18AD101E2004D2CF000DC410 /* ShareViewController.m in Sources */,
				1813662F1E8A9C3A0075CA93 /* GalleryViewController.m in Sources */,
				18F467FC1E8017E1001CF694 /* RoomViewController.m in Sources */,
				18EC41782061656300388B1A /* Controller.m in Sources */,
				18902FB8206A83D0003D182F /* SmartConfigViewController.m in Sources */,
				181885CE1E9019D500F5609D /* ESP_NetUtil.m in Sources */,
				5F52A44E1F1355E000A0819C /* NSString+Utils.m in Sources */,
				5FF960921F2A4A4F00B210C6 /* ListTimerViewController.m in Sources */,
				185D75E620099C0D003FDD4C /* RequestPopupViewController.m in Sources */,
				181885DA1E9019D500F5609D /* ESPUDPSocketServer.m in Sources */,
				18EFAD731E756F8900637669 /* SmartHome.xcdatamodeld in Sources */,
				18B010D31E759AA2001834FB /* BaseViewController.m in Sources */,
				186DADFC1EAB503A00D00206 /* UIImage+Color.m in Sources */,
				5F34679F1F1CFFCE00223553 /* Room+CoreDataProperties.m in Sources */,
				183F555A2003278600B072A9 /* MemberListViewController.m in Sources */,
				5F3187941F2B8E6D00090F4A /* SHTimer+CoreDataClass.m in Sources */,
				18EFAD671E756F8900637669 /* main.m in Sources */,
				188E61D9204E365C008DD7DD /* TouchSwitchViewCell.m in Sources */,
				5F5B2C811F2466E60081CD4B /* ControlRoomPopup.m in Sources */,
				18DBF42E1E8EA65C00311D72 /* LightValueViewCell.m in Sources */,
				18F133612001DBF9008A5E55 /* FirebaseHelper.m in Sources */,
				18E3186F2009FDBE002015BA /* LoginViewController.m in Sources */,
				5F34679E1F1CFFCE00223553 /* Room+CoreDataClass.m in Sources */,
				18CC8B981E7E42C5007FD291 /* APPChildViewController.m in Sources */,
				181885CC1E9019D500F5609D /* ESP_ByteUtil.m in Sources */,
				5F52A4511F13567300A0819C /* Utils.m in Sources */,
				18B6DD3B1F60569300225B32 /* NewSlider.m in Sources */,
				181885DB1E9019D500F5609D /* ESPViewController.m in Sources */,
				185E78731E96A8C50048B450 /* SceneDetail.m in Sources */,
				18C8DFCA1E895D1A00DC5330 /* CoredataHelper.m in Sources */,
				5FF9608F1F2A3E2E00B210C6 /* AddTimerViewController.m in Sources */,
				5F2D4B171F239E09007B7D13 /* HTKSampleCollectionViewController.m in Sources */,
				1840009B1E841441000A7ECB /* Helper.m in Sources */,
				181885D51E9019D500F5609D /* ESPTouchGenerator.m in Sources */,
				5F2D4B181F239E09007B7D13 /* HTKSampleCollectionViewCell.m in Sources */,
				5F09E96C1F23631F00B3AD47 /* SortRoomViewCell.m in Sources */,
				183F556B2003308000B072A9 /* MemberDetailViewController.m in Sources */,
				183F556720032D1800B072A9 /* SHMember.m in Sources */,
				183F5570200330D000B072A9 /* MemberDetailViewCell.m in Sources */,
				184000A11E841B6E000A7ECB /* AddMenuViewCell.m in Sources */,
				18F1336C2001E73E008A5E55 /* AccountViewController.m in Sources */,
				18E3186A2009FBE3002015BA /* WellComeViewController.m in Sources */,
				1807C6C0205E6F3B0086E45A /* SHTimer+CoreDataProperties.m in Sources */,
				1840009E1E841873000A7ECB /* AddMenuViewController.m in Sources */,
			);
			runOnlyForDeploymentPostprocessing = 0;
		};
/* End PBXSourcesBuildPhase section */

/* Begin PBXVariantGroup section */
		18EFAD6E1E756F8900637669 /* Main.storyboard */ = {
			isa = PBXVariantGroup;
			children = (
				18EFAD6F1E756F8900637669 /* Base */,
			);
			name = Main.storyboard;
			sourceTree = "<group>";
		};
		18EFAD761E756F8900637669 /* LaunchScreen.storyboard */ = {
			isa = PBXVariantGroup;
			children = (
				18EFAD771E756F8900637669 /* Base */,
			);
			name = LaunchScreen.storyboard;
			sourceTree = "<group>";
		};
/* End PBXVariantGroup section */

/* Begin XCBuildConfiguration section */
		18EFAD7A1E756F8900637669 /* Debug */ = {
			isa = XCBuildConfiguration;
			buildSettings = {
				ALWAYS_SEARCH_USER_PATHS = NO;
				CLANG_ANALYZER_NONNULL = YES;
				CLANG_CXX_LANGUAGE_STANDARD = "gnu++0x";
				CLANG_CXX_LIBRARY = "libc++";
				CLANG_ENABLE_MODULES = YES;
				CLANG_ENABLE_OBJC_ARC = YES;
				CLANG_WARN_BOOL_CONVERSION = YES;
				CLANG_WARN_CONSTANT_CONVERSION = YES;
				CLANG_WARN_DIRECT_OBJC_ISA_USAGE = YES_ERROR;
				CLANG_WARN_DOCUMENTATION_COMMENTS = YES;
				CLANG_WARN_EMPTY_BODY = YES;
				CLANG_WARN_ENUM_CONVERSION = YES;
				CLANG_WARN_INFINITE_RECURSION = YES;
				CLANG_WARN_INT_CONVERSION = YES;
				CLANG_WARN_OBJC_ROOT_CLASS = YES_ERROR;
				CLANG_WARN_SUSPICIOUS_MOVES = YES;
				CLANG_WARN_UNREACHABLE_CODE = YES;
				CLANG_WARN__DUPLICATE_METHOD_MATCH = YES;
				"CODE_SIGN_IDENTITY[sdk=iphoneos*]" = "iPhone Developer";
				COPY_PHASE_STRIP = NO;
				DEBUG_INFORMATION_FORMAT = dwarf;
				ENABLE_STRICT_OBJC_MSGSEND = YES;
				ENABLE_TESTABILITY = YES;
				GCC_C_LANGUAGE_STANDARD = gnu99;
				GCC_DYNAMIC_NO_PIC = NO;
				GCC_NO_COMMON_BLOCKS = YES;
				GCC_OPTIMIZATION_LEVEL = 0;
				GCC_PREPROCESSOR_DEFINITIONS = (
					"DEBUG=1",
					"$(inherited)",
				);
				GCC_WARN_64_TO_32_BIT_CONVERSION = YES;
				GCC_WARN_ABOUT_RETURN_TYPE = YES_ERROR;
				GCC_WARN_UNDECLARED_SELECTOR = YES;
				GCC_WARN_UNINITIALIZED_AUTOS = YES_AGGRESSIVE;
				GCC_WARN_UNUSED_FUNCTION = YES;
				GCC_WARN_UNUSED_VARIABLE = YES;
				IPHONEOS_DEPLOYMENT_TARGET = 10.1;
				MTL_ENABLE_DEBUG_INFO = YES;
				ONLY_ACTIVE_ARCH = YES;
				SDKROOT = iphoneos;
			};
			name = Debug;
		};
		18EFAD7B1E756F8900637669 /* Release */ = {
			isa = XCBuildConfiguration;
			buildSettings = {
				ALWAYS_SEARCH_USER_PATHS = NO;
				CLANG_ANALYZER_NONNULL = YES;
				CLANG_CXX_LANGUAGE_STANDARD = "gnu++0x";
				CLANG_CXX_LIBRARY = "libc++";
				CLANG_ENABLE_MODULES = YES;
				CLANG_ENABLE_OBJC_ARC = YES;
				CLANG_WARN_BOOL_CONVERSION = YES;
				CLANG_WARN_CONSTANT_CONVERSION = YES;
				CLANG_WARN_DIRECT_OBJC_ISA_USAGE = YES_ERROR;
				CLANG_WARN_DOCUMENTATION_COMMENTS = YES;
				CLANG_WARN_EMPTY_BODY = YES;
				CLANG_WARN_ENUM_CONVERSION = YES;
				CLANG_WARN_INFINITE_RECURSION = YES;
				CLANG_WARN_INT_CONVERSION = YES;
				CLANG_WARN_OBJC_ROOT_CLASS = YES_ERROR;
				CLANG_WARN_SUSPICIOUS_MOVES = YES;
				CLANG_WARN_UNREACHABLE_CODE = YES;
				CLANG_WARN__DUPLICATE_METHOD_MATCH = YES;
				"CODE_SIGN_IDENTITY[sdk=iphoneos*]" = "iPhone Developer";
				COPY_PHASE_STRIP = NO;
				DEBUG_INFORMATION_FORMAT = "dwarf-with-dsym";
				ENABLE_NS_ASSERTIONS = NO;
				ENABLE_STRICT_OBJC_MSGSEND = YES;
				GCC_C_LANGUAGE_STANDARD = gnu99;
				GCC_NO_COMMON_BLOCKS = YES;
				GCC_WARN_64_TO_32_BIT_CONVERSION = YES;
				GCC_WARN_ABOUT_RETURN_TYPE = YES_ERROR;
				GCC_WARN_UNDECLARED_SELECTOR = YES;
				GCC_WARN_UNINITIALIZED_AUTOS = YES_AGGRESSIVE;
				GCC_WARN_UNUSED_FUNCTION = YES;
				GCC_WARN_UNUSED_VARIABLE = YES;
				IPHONEOS_DEPLOYMENT_TARGET = 10.1;
				MTL_ENABLE_DEBUG_INFO = NO;
				SDKROOT = iphoneos;
				VALIDATE_PRODUCT = YES;
			};
			name = Release;
		};
		18EFAD7D1E756F8900637669 /* Debug */ = {
			isa = XCBuildConfiguration;
			baseConfigurationReference = CCD3503CE72DAC2AF3B5F99A /* Pods-SmartHome.debug.xcconfig */;
			buildSettings = {
				ASSETCATALOG_COMPILER_APPICON_NAME = AppIcon;
				CODE_SIGN_IDENTITY = "iPhone Distribution";
				"CODE_SIGN_IDENTITY[sdk=iphoneos*]" = "iPhone Developer";
				CODE_SIGN_STYLE = Automatic;
				DEVELOPMENT_TEAM = F59XSVKP6X;
				GCC_PREFIX_HEADER = "SmartHome/SmartHome-Prefix.pch";
				INFOPLIST_FILE = SmartHome/Info.plist;
				IPHONEOS_DEPLOYMENT_TARGET = 9.0;
				LD_RUNPATH_SEARCH_PATHS = "$(inherited) @executable_path/Frameworks";
				ONLY_ACTIVE_ARCH = YES;
				PRODUCT_BUNDLE_IDENTIFIER = com.mole.smarthome;
				PRODUCT_NAME = "$(TARGET_NAME)";
				PROVISIONING_PROFILE = "";
				PROVISIONING_PROFILE_SPECIFIER = "";
			};
			name = Debug;
		};
		18EFAD7E1E756F8900637669 /* Release */ = {
			isa = XCBuildConfiguration;
			baseConfigurationReference = 700169DFD2338627CDDD4235 /* Pods-SmartHome.release.xcconfig */;
			buildSettings = {
				ASSETCATALOG_COMPILER_APPICON_NAME = AppIcon;
				CODE_SIGN_IDENTITY = "iPhone Distribution";
				"CODE_SIGN_IDENTITY[sdk=iphoneos*]" = "iPhone Developer";
				CODE_SIGN_STYLE = Automatic;
				DEVELOPMENT_TEAM = F59XSVKP6X;
				GCC_PREFIX_HEADER = "SmartHome/SmartHome-Prefix.pch";
				INFOPLIST_FILE = SmartHome/Info.plist;
				IPHONEOS_DEPLOYMENT_TARGET = 9.0;
				LD_RUNPATH_SEARCH_PATHS = "$(inherited) @executable_path/Frameworks";
				ONLY_ACTIVE_ARCH = YES;
				PRODUCT_BUNDLE_IDENTIFIER = com.mole.smarthome;
				PRODUCT_NAME = "$(TARGET_NAME)";
				PROVISIONING_PROFILE = "";
				PROVISIONING_PROFILE_SPECIFIER = "";
			};
			name = Release;
		};
/* End XCBuildConfiguration section */

/* Begin XCConfigurationList section */
		18EFAD5D1E756F8900637669 /* Build configuration list for PBXProject "SmartHome" */ = {
			isa = XCConfigurationList;
			buildConfigurations = (
				18EFAD7A1E756F8900637669 /* Debug */,
				18EFAD7B1E756F8900637669 /* Release */,
			);
			defaultConfigurationIsVisible = 0;
			defaultConfigurationName = Release;
		};
		18EFAD7C1E756F8900637669 /* Build configuration list for PBXNativeTarget "SmartHome" */ = {
			isa = XCConfigurationList;
			buildConfigurations = (
				18EFAD7D1E756F8900637669 /* Debug */,
				18EFAD7E1E756F8900637669 /* Release */,
			);
			defaultConfigurationIsVisible = 0;
			defaultConfigurationName = Release;
		};
/* End XCConfigurationList section */

/* Begin XCVersionGroup section */
		18EFAD711E756F8900637669 /* SmartHome.xcdatamodeld */ = {
			isa = XCVersionGroup;
			children = (
				18EFAD721E756F8900637669 /* SmartHome.xcdatamodel */,
			);
			currentVersion = 18EFAD721E756F8900637669 /* SmartHome.xcdatamodel */;
			path = SmartHome.xcdatamodeld;
			sourceTree = "<group>";
			versionGroupType = wrapper.xcdatamodel;
		};
/* End XCVersionGroup section */
	};
	rootObject = 18EFAD5A1E756F8900637669 /* Project object */;
}
